<?xml version="1.0"?>
<plist version="1.0">
	<dict>
		<key>archiveVersion</key>
		<string>1</string>
		<key>classes</key>
		<dict />
		<key>objectVersion</key>
		<string>46</string>
		<key>objects</key>
		<dict>
			<key>C79A9C4ED52E797BF5DE8B73</key>
			<dict>
				<key>explicitFileType</key>
				<string>sourcecode.c.h</string>
				<key>fileEncoding</key>
				<string>4</string>
				<key>isa</key>
				<string>PBXFileReference</string>
				<key>name</key>
				<string>OscTypes.h</string>
				<key>path</key>
				<string>../../../../Documents/_gllm/of_git/openFrameworks/addons/ofxOsc/libs/oscpack/src/osc/OscTypes.h</string>
				<key>sourceTree</key>
				<string>SOURCE_ROOT</string>
			</dict>
			<key>EE795DB69CE5BE60E3A706FB</key>
			<dict>
				<key>fileRef</key>
				<string>92C2A94FF1BBAC6568F08455</string>
				<key>isa</key>
				<string>PBXBuildFile</string>
			</dict>
			<key>92C2A94FF1BBAC6568F08455</key>
			<dict>
				<key>explicitFileType</key>
				<string>sourcecode.cpp.cpp</string>
				<key>fileEncoding</key>
				<string>4</string>
				<key>isa</key>
				<string>PBXFileReference</string>
				<key>name</key>
				<string>OscTypes.cpp</string>
				<key>path</key>
				<string>../../../../Documents/_gllm/of_git/openFrameworks/addons/ofxOsc/libs/oscpack/src/osc/OscTypes.cpp</string>
				<key>sourceTree</key>
				<string>SOURCE_ROOT</string>
			</dict>
			<key>49BFF83BDA99F5DDCDC84D32</key>
			<dict>
				<key>explicitFileType</key>
				<string>sourcecode.c.h</string>
				<key>fileEncoding</key>
				<string>4</string>
				<key>isa</key>
				<string>PBXFileReference</string>
				<key>name</key>
				<string>OscReceivedElements.h</string>
				<key>path</key>
				<string>../../../../Documents/_gllm/of_git/openFrameworks/addons/ofxOsc/libs/oscpack/src/osc/OscReceivedElements.h</string>
				<key>sourceTree</key>
				<string>SOURCE_ROOT</string>
			</dict>
			<key>9B0F755E8D479992A23C0187</key>
			<dict>
				<key>fileRef</key>
				<string>EB757D0CB7115B400E34AEC8</string>
				<key>isa</key>
				<string>PBXBuildFile</string>
			</dict>
			<key>EB757D0CB7115B400E34AEC8</key>
			<dict>
				<key>explicitFileType</key>
				<string>sourcecode.cpp.cpp</string>
				<key>fileEncoding</key>
				<string>4</string>
				<key>isa</key>
				<string>PBXFileReference</string>
				<key>name</key>
				<string>OscReceivedElements.cpp</string>
				<key>path</key>
				<string>../../../../Documents/_gllm/of_git/openFrameworks/addons/ofxOsc/libs/oscpack/src/osc/OscReceivedElements.cpp</string>
				<key>sourceTree</key>
				<string>SOURCE_ROOT</string>
			</dict>
			<key>9B4F5B2A97074C631A58ABAA</key>
			<dict>
				<key>explicitFileType</key>
				<string>sourcecode.c.h</string>
				<key>fileEncoding</key>
				<string>4</string>
				<key>isa</key>
				<string>PBXFileReference</string>
				<key>name</key>
				<string>OscPrintReceivedElements.h</string>
				<key>path</key>
				<string>../../../../Documents/_gllm/of_git/openFrameworks/addons/ofxOsc/libs/oscpack/src/osc/OscPrintReceivedElements.h</string>
				<key>sourceTree</key>
				<string>SOURCE_ROOT</string>
			</dict>
			<key>C33C3A41777A5A07CAA83FBE</key>
			<dict>
				<key>fileRef</key>
				<string>ACA923BC84792A4B63994E2E</string>
				<key>isa</key>
				<string>PBXBuildFile</string>
			</dict>
			<key>ACA923BC84792A4B63994E2E</key>
			<dict>
				<key>explicitFileType</key>
				<string>sourcecode.cpp.cpp</string>
				<key>fileEncoding</key>
				<string>4</string>
				<key>isa</key>
				<string>PBXFileReference</string>
				<key>name</key>
				<string>OscPrintReceivedElements.cpp</string>
				<key>path</key>
				<string>../../../../Documents/_gllm/of_git/openFrameworks/addons/ofxOsc/libs/oscpack/src/osc/OscPrintReceivedElements.cpp</string>
				<key>sourceTree</key>
				<string>SOURCE_ROOT</string>
			</dict>
			<key>AC1BFD3B085342D2BF064E41</key>
			<dict>
				<key>explicitFileType</key>
				<string>sourcecode.c.h</string>
				<key>fileEncoding</key>
				<string>4</string>
				<key>isa</key>
				<string>PBXFileReference</string>
				<key>name</key>
				<string>OscPacketListener.h</string>
				<key>path</key>
				<string>../../../../Documents/_gllm/of_git/openFrameworks/addons/ofxOsc/libs/oscpack/src/osc/OscPacketListener.h</string>
				<key>sourceTree</key>
				<string>SOURCE_ROOT</string>
			</dict>
			<key>B6CDD627AFA9A156D4586997</key>
			<dict>
				<key>explicitFileType</key>
				<string>sourcecode.c.h</string>
				<key>fileEncoding</key>
				<string>4</string>
				<key>isa</key>
				<string>PBXFileReference</string>
				<key>name</key>
				<string>OscOutboundPacketStream.h</string>
				<key>path</key>
				<string>../../../../Documents/_gllm/of_git/openFrameworks/addons/ofxOsc/libs/oscpack/src/osc/OscOutboundPacketStream.h</string>
				<key>sourceTree</key>
				<string>SOURCE_ROOT</string>
			</dict>
			<key>041389DE1817F75D54FB3316</key>
			<dict>
				<key>fileRef</key>
				<string>9527C0CA2D492C5434F3BAA2</string>
				<key>isa</key>
				<string>PBXBuildFile</string>
			</dict>
			<key>9527C0CA2D492C5434F3BAA2</key>
			<dict>
				<key>explicitFileType</key>
				<string>sourcecode.cpp.cpp</string>
				<key>fileEncoding</key>
				<string>4</string>
				<key>isa</key>
				<string>PBXFileReference</string>
				<key>name</key>
				<string>OscOutboundPacketStream.cpp</string>
				<key>path</key>
				<string>../../../../Documents/_gllm/of_git/openFrameworks/addons/ofxOsc/libs/oscpack/src/osc/OscOutboundPacketStream.cpp</string>
				<key>sourceTree</key>
				<string>SOURCE_ROOT</string>
			</dict>
			<key>8320C61864840B79E3E331CE</key>
			<dict>
				<key>explicitFileType</key>
				<string>sourcecode.c.h</string>
				<key>fileEncoding</key>
				<string>4</string>
				<key>isa</key>
				<string>PBXFileReference</string>
				<key>name</key>
				<string>OscHostEndianness.h</string>
				<key>path</key>
				<string>../../../../Documents/_gllm/of_git/openFrameworks/addons/ofxOsc/libs/oscpack/src/osc/OscHostEndianness.h</string>
				<key>sourceTree</key>
				<string>SOURCE_ROOT</string>
			</dict>
			<key>800FC20D212E07C75C39DE7D</key>
			<dict>
				<key>explicitFileType</key>
				<string>sourcecode.c.h</string>
				<key>fileEncoding</key>
				<string>4</string>
				<key>isa</key>
				<string>PBXFileReference</string>
				<key>name</key>
				<string>OscException.h</string>
				<key>path</key>
				<string>../../../../Documents/_gllm/of_git/openFrameworks/addons/ofxOsc/libs/oscpack/src/osc/OscException.h</string>
				<key>sourceTree</key>
				<string>SOURCE_ROOT</string>
			</dict>
			<key>30CB364908817057B430D528</key>
			<dict>
				<key>children</key>
				<array>
					<string>34A36F9F6C10D61FE16578C8</string>
					<string>800FC20D212E07C75C39DE7D</string>
					<string>8320C61864840B79E3E331CE</string>
					<string>9527C0CA2D492C5434F3BAA2</string>
					<string>B6CDD627AFA9A156D4586997</string>
					<string>AC1BFD3B085342D2BF064E41</string>
					<string>ACA923BC84792A4B63994E2E</string>
					<string>9B4F5B2A97074C631A58ABAA</string>
					<string>EB757D0CB7115B400E34AEC8</string>
					<string>49BFF83BDA99F5DDCDC84D32</string>
					<string>92C2A94FF1BBAC6568F08455</string>
					<string>C79A9C4ED52E797BF5DE8B73</string>
				</array>
				<key>isa</key>
				<string>PBXGroup</string>
				<key>name</key>
				<string>osc</string>
				<key>sourceTree</key>
				<string>&lt;group&gt;</string>
			</dict>
			<key>34A36F9F6C10D61FE16578C8</key>
			<dict>
				<key>explicitFileType</key>
				<string>sourcecode.c.h</string>
				<key>fileEncoding</key>
				<string>4</string>
				<key>isa</key>
				<string>PBXFileReference</string>
				<key>name</key>
				<string>MessageMappingOscPacketListener.h</string>
				<key>path</key>
				<string>../../../../Documents/_gllm/of_git/openFrameworks/addons/ofxOsc/libs/oscpack/src/osc/MessageMappingOscPacketListener.h</string>
				<key>sourceTree</key>
				<string>SOURCE_ROOT</string>
			</dict>
			<key>9D7B72AF66161C9786221D71</key>
			<dict>
				<key>explicitFileType</key>
				<string>sourcecode.c.h</string>
				<key>fileEncoding</key>
				<string>4</string>
				<key>isa</key>
				<string>PBXFileReference</string>
				<key>name</key>
				<string>UdpSocket.h</string>
				<key>path</key>
				<string>../../../../Documents/_gllm/of_git/openFrameworks/addons/ofxOsc/libs/oscpack/src/ip/UdpSocket.h</string>
				<key>sourceTree</key>
				<string>SOURCE_ROOT</string>
			</dict>
			<key>AAFF9E2C8317157D04F94076</key>
			<dict>
				<key>explicitFileType</key>
				<string>sourcecode.c.h</string>
				<key>fileEncoding</key>
				<string>4</string>
				<key>isa</key>
				<string>PBXFileReference</string>
				<key>name</key>
				<string>TimerListener.h</string>
				<key>path</key>
				<string>../../../../Documents/_gllm/of_git/openFrameworks/addons/ofxOsc/libs/oscpack/src/ip/TimerListener.h</string>
				<key>sourceTree</key>
				<string>SOURCE_ROOT</string>
			</dict>
			<key>CA72BE978B78AC919D20A1C8</key>
			<dict>
				<key>fileRef</key>
				<string>CC4DA2CAE1B0A6F77DE6DAEC</string>
				<key>isa</key>
				<string>PBXBuildFile</string>
			</dict>
			<key>CC4DA2CAE1B0A6F77DE6DAEC</key>
			<dict>
				<key>explicitFileType</key>
				<string>sourcecode.cpp.cpp</string>
				<key>fileEncoding</key>
				<string>4</string>
				<key>isa</key>
				<string>PBXFileReference</string>
				<key>name</key>
				<string>UdpSocket.cpp</string>
				<key>path</key>
				<string>../../../../Documents/_gllm/of_git/openFrameworks/addons/ofxOsc/libs/oscpack/src/ip/posix/UdpSocket.cpp</string>
				<key>sourceTree</key>
				<string>SOURCE_ROOT</string>
			</dict>
			<key>641362CA659FAFEE4E81001B</key>
			<dict>
				<key>children</key>
				<array>
					<string>29800D5200006FA344EE03BC</string>
					<string>CC4DA2CAE1B0A6F77DE6DAEC</string>
				</array>
				<key>isa</key>
				<string>PBXGroup</string>
				<key>name</key>
				<string>posix</string>
				<key>sourceTree</key>
				<string>&lt;group&gt;</string>
			</dict>
			<key>4CFEF7F8D3FD693049D7339B</key>
			<dict>
				<key>fileRef</key>
				<string>29800D5200006FA344EE03BC</string>
				<key>isa</key>
				<string>PBXBuildFile</string>
			</dict>
			<key>29800D5200006FA344EE03BC</key>
			<dict>
				<key>explicitFileType</key>
				<string>sourcecode.cpp.cpp</string>
				<key>fileEncoding</key>
				<string>4</string>
				<key>isa</key>
				<string>PBXFileReference</string>
				<key>name</key>
				<string>NetworkingUtils.cpp</string>
				<key>path</key>
				<string>../../../../Documents/_gllm/of_git/openFrameworks/addons/ofxOsc/libs/oscpack/src/ip/posix/NetworkingUtils.cpp</string>
				<key>sourceTree</key>
				<string>SOURCE_ROOT</string>
			</dict>
			<key>372D3A7398E5382D2A8B4BA8</key>
			<dict>
				<key>explicitFileType</key>
				<string>sourcecode.c.h</string>
				<key>fileEncoding</key>
				<string>4</string>
				<key>isa</key>
				<string>PBXFileReference</string>
				<key>name</key>
				<string>PacketListener.h</string>
				<key>path</key>
				<string>../../../../Documents/_gllm/of_git/openFrameworks/addons/ofxOsc/libs/oscpack/src/ip/PacketListener.h</string>
				<key>sourceTree</key>
				<string>SOURCE_ROOT</string>
			</dict>
			<key>F8A01E860EFFE3B0AC1D673B</key>
			<dict>
				<key>explicitFileType</key>
				<string>sourcecode.c.h</string>
				<key>fileEncoding</key>
				<string>4</string>
				<key>isa</key>
				<string>PBXFileReference</string>
				<key>name</key>
				<string>NetworkingUtils.h</string>
				<key>path</key>
				<string>../../../../Documents/_gllm/of_git/openFrameworks/addons/ofxOsc/libs/oscpack/src/ip/NetworkingUtils.h</string>
				<key>sourceTree</key>
				<string>SOURCE_ROOT</string>
			</dict>
			<key>9CFAB8F156E059F2D24E4C5F</key>
			<dict>
				<key>explicitFileType</key>
				<string>sourcecode.c.h</string>
				<key>fileEncoding</key>
				<string>4</string>
				<key>isa</key>
				<string>PBXFileReference</string>
				<key>name</key>
				<string>IpEndpointName.h</string>
				<key>path</key>
				<string>../../../../Documents/_gllm/of_git/openFrameworks/addons/ofxOsc/libs/oscpack/src/ip/IpEndpointName.h</string>
				<key>sourceTree</key>
				<string>SOURCE_ROOT</string>
			</dict>
			<key>FF8CDF57858E9B94E3237115</key>
			<dict>
				<key>children</key>
				<array>
					<string>4301A3B8ACC5BFB5D8C70AC7</string>
					<string>9CFAB8F156E059F2D24E4C5F</string>
					<string>F8A01E860EFFE3B0AC1D673B</string>
					<string>372D3A7398E5382D2A8B4BA8</string>
					<string>641362CA659FAFEE4E81001B</string>
					<string>AAFF9E2C8317157D04F94076</string>
					<string>9D7B72AF66161C9786221D71</string>
				</array>
				<key>isa</key>
				<string>PBXGroup</string>
				<key>name</key>
				<string>ip</string>
				<key>sourceTree</key>
				<string>&lt;group&gt;</string>
			</dict>
			<key>D27B2221A225CA523C019676</key>
			<dict>
				<key>children</key>
				<array>
					<string>FF8CDF57858E9B94E3237115</string>
					<string>30CB364908817057B430D528</string>
				</array>
				<key>isa</key>
				<string>PBXGroup</string>
				<key>name</key>
				<string>src</string>
				<key>sourceTree</key>
				<string>&lt;group&gt;</string>
			</dict>
			<key>86D2677079A3AF4A5A88E29A</key>
			<dict>
				<key>children</key>
				<array>
					<string>D27B2221A225CA523C019676</string>
				</array>
				<key>isa</key>
				<string>PBXGroup</string>
				<key>name</key>
				<string>oscpack</string>
				<key>sourceTree</key>
				<string>&lt;group&gt;</string>
			</dict>
			<key>38871A5825686AE018EC2BF0</key>
			<dict>
				<key>children</key>
				<array>
					<string>86D2677079A3AF4A5A88E29A</string>
				</array>
				<key>isa</key>
				<string>PBXGroup</string>
				<key>name</key>
				<string>libs</string>
				<key>sourceTree</key>
				<string>&lt;group&gt;</string>
			</dict>
			<key>CD9D4F666207FFB24CF6838C</key>
			<dict>
				<key>fileRef</key>
				<string>4301A3B8ACC5BFB5D8C70AC7</string>
				<key>isa</key>
				<string>PBXBuildFile</string>
			</dict>
			<key>4301A3B8ACC5BFB5D8C70AC7</key>
			<dict>
				<key>explicitFileType</key>
				<string>sourcecode.cpp.cpp</string>
				<key>fileEncoding</key>
				<string>4</string>
				<key>isa</key>
				<string>PBXFileReference</string>
				<key>name</key>
				<string>IpEndpointName.cpp</string>
				<key>path</key>
				<string>../../../../Documents/_gllm/of_git/openFrameworks/addons/ofxOsc/libs/oscpack/src/ip/IpEndpointName.cpp</string>
				<key>sourceTree</key>
				<string>SOURCE_ROOT</string>
			</dict>
			<key>DB254D2819524D6B632F473A</key>
			<dict>
				<key>explicitFileType</key>
				<string>sourcecode.c.h</string>
				<key>fileEncoding</key>
				<string>4</string>
				<key>isa</key>
				<string>PBXFileReference</string>
				<key>name</key>
				<string>ofxOscSender.h</string>
				<key>path</key>
				<string>../../../../Documents/_gllm/of_git/openFrameworks/addons/ofxOsc/src/ofxOscSender.h</string>
				<key>sourceTree</key>
				<string>SOURCE_ROOT</string>
			</dict>
			<key>9F8D8CB97839C1A6FB725E34</key>
			<dict>
				<key>fileRef</key>
				<string>4877427FE4A4F4A0D065AA6B</string>
				<key>isa</key>
				<string>PBXBuildFile</string>
			</dict>
			<key>4877427FE4A4F4A0D065AA6B</key>
			<dict>
				<key>explicitFileType</key>
				<string>sourcecode.cpp.cpp</string>
				<key>fileEncoding</key>
				<string>4</string>
				<key>isa</key>
				<string>PBXFileReference</string>
				<key>name</key>
				<string>ofxOscSender.cpp</string>
				<key>path</key>
				<string>../../../../Documents/_gllm/of_git/openFrameworks/addons/ofxOsc/src/ofxOscSender.cpp</string>
				<key>sourceTree</key>
				<string>SOURCE_ROOT</string>
			</dict>
			<key>00D341827904ABFF1D6D3208</key>
			<dict>
				<key>explicitFileType</key>
				<string>sourcecode.c.h</string>
				<key>fileEncoding</key>
				<string>4</string>
				<key>isa</key>
				<string>PBXFileReference</string>
				<key>name</key>
				<string>ofxOscReceiver.h</string>
				<key>path</key>
				<string>../../../../Documents/_gllm/of_git/openFrameworks/addons/ofxOsc/src/ofxOscReceiver.h</string>
				<key>sourceTree</key>
				<string>SOURCE_ROOT</string>
			</dict>
			<key>E9E0103F51C689FE39F8F7DE</key>
			<dict>
				<key>fileRef</key>
				<string>A1D95B1B2077C1CC67B887D3</string>
				<key>isa</key>
				<string>PBXBuildFile</string>
			</dict>
			<key>A1D95B1B2077C1CC67B887D3</key>
			<dict>
				<key>explicitFileType</key>
				<string>sourcecode.cpp.cpp</string>
				<key>fileEncoding</key>
				<string>4</string>
				<key>isa</key>
				<string>PBXFileReference</string>
				<key>name</key>
				<string>ofxOscReceiver.cpp</string>
				<key>path</key>
				<string>../../../../Documents/_gllm/of_git/openFrameworks/addons/ofxOsc/src/ofxOscReceiver.cpp</string>
				<key>sourceTree</key>
				<string>SOURCE_ROOT</string>
			</dict>
			<key>8E84A9A3462398A6A24329F5</key>
			<dict>
				<key>explicitFileType</key>
				<string>sourcecode.c.h</string>
				<key>fileEncoding</key>
				<string>4</string>
				<key>isa</key>
				<string>PBXFileReference</string>
				<key>name</key>
				<string>ofxOscParameterSync.h</string>
				<key>path</key>
				<string>../../../../Documents/_gllm/of_git/openFrameworks/addons/ofxOsc/src/ofxOscParameterSync.h</string>
				<key>sourceTree</key>
				<string>SOURCE_ROOT</string>
			</dict>
			<key>E2644802CE4C6E58F79653AE</key>
			<dict>
				<key>fileRef</key>
				<string>872BD9383974E9B4EB72123B</string>
				<key>isa</key>
				<string>PBXBuildFile</string>
			</dict>
			<key>872BD9383974E9B4EB72123B</key>
			<dict>
				<key>explicitFileType</key>
				<string>sourcecode.cpp.cpp</string>
				<key>fileEncoding</key>
				<string>4</string>
				<key>isa</key>
				<string>PBXFileReference</string>
				<key>name</key>
				<string>ofxOscParameterSync.cpp</string>
				<key>path</key>
				<string>../../../../Documents/_gllm/of_git/openFrameworks/addons/ofxOsc/src/ofxOscParameterSync.cpp</string>
				<key>sourceTree</key>
				<string>SOURCE_ROOT</string>
			</dict>
			<key>082FB69BB7ECC496D775C359</key>
			<dict>
				<key>explicitFileType</key>
				<string>sourcecode.c.h</string>
				<key>fileEncoding</key>
				<string>4</string>
				<key>isa</key>
				<string>PBXFileReference</string>
				<key>name</key>
				<string>ofxOscMessage.h</string>
				<key>path</key>
				<string>../../../../Documents/_gllm/of_git/openFrameworks/addons/ofxOsc/src/ofxOscMessage.h</string>
				<key>sourceTree</key>
				<string>SOURCE_ROOT</string>
			</dict>
			<key>0553D4646F5C76C8B689FBA7</key>
			<dict>
				<key>fileRef</key>
				<string>A03360973D6893F2D054DE04</string>
				<key>isa</key>
				<string>PBXBuildFile</string>
			</dict>
			<key>A03360973D6893F2D054DE04</key>
			<dict>
				<key>explicitFileType</key>
				<string>sourcecode.cpp.cpp</string>
				<key>fileEncoding</key>
				<string>4</string>
				<key>isa</key>
				<string>PBXFileReference</string>
				<key>name</key>
				<string>ofxOscMessage.cpp</string>
				<key>path</key>
				<string>../../../../Documents/_gllm/of_git/openFrameworks/addons/ofxOsc/src/ofxOscMessage.cpp</string>
				<key>sourceTree</key>
				<string>SOURCE_ROOT</string>
			</dict>
			<key>AF018EFF04DC1E0CF1EFD242</key>
			<dict>
				<key>explicitFileType</key>
				<string>sourcecode.c.h</string>
				<key>fileEncoding</key>
				<string>4</string>
				<key>isa</key>
				<string>PBXFileReference</string>
				<key>name</key>
				<string>ofxOscBundle.h</string>
				<key>path</key>
				<string>../../../../Documents/_gllm/of_git/openFrameworks/addons/ofxOsc/src/ofxOscBundle.h</string>
				<key>sourceTree</key>
				<string>SOURCE_ROOT</string>
			</dict>
			<key>9224AD7D67FCA1481B3019E2</key>
			<dict>
				<key>fileRef</key>
				<string>D578089AFA0FE010A6C3639A</string>
				<key>isa</key>
				<string>PBXBuildFile</string>
			</dict>
			<key>D578089AFA0FE010A6C3639A</key>
			<dict>
				<key>explicitFileType</key>
				<string>sourcecode.cpp.cpp</string>
				<key>fileEncoding</key>
				<string>4</string>
				<key>isa</key>
				<string>PBXFileReference</string>
				<key>name</key>
				<string>ofxOscBundle.cpp</string>
				<key>path</key>
				<string>../../../../Documents/_gllm/of_git/openFrameworks/addons/ofxOsc/src/ofxOscBundle.cpp</string>
				<key>sourceTree</key>
				<string>SOURCE_ROOT</string>
			</dict>
			<key>621A40540AF793D6B419E263</key>
			<dict>
				<key>explicitFileType</key>
				<string>sourcecode.c.h</string>
				<key>fileEncoding</key>
				<string>4</string>
				<key>isa</key>
				<string>PBXFileReference</string>
				<key>name</key>
				<string>ofxOscArg.h</string>
				<key>path</key>
				<string>../../../../Documents/_gllm/of_git/openFrameworks/addons/ofxOsc/src/ofxOscArg.h</string>
				<key>sourceTree</key>
				<string>SOURCE_ROOT</string>
			</dict>
			<key>BD2F1A9F8D0C05EDB29122D0</key>
			<dict>
				<key>children</key>
				<array>
					<string>8F7E897D2AE1EC438DB0F288</string>
					<string>621A40540AF793D6B419E263</string>
					<string>D578089AFA0FE010A6C3639A</string>
					<string>AF018EFF04DC1E0CF1EFD242</string>
					<string>A03360973D6893F2D054DE04</string>
					<string>082FB69BB7ECC496D775C359</string>
					<string>872BD9383974E9B4EB72123B</string>
					<string>8E84A9A3462398A6A24329F5</string>
					<string>A1D95B1B2077C1CC67B887D3</string>
					<string>00D341827904ABFF1D6D3208</string>
					<string>4877427FE4A4F4A0D065AA6B</string>
					<string>DB254D2819524D6B632F473A</string>
				</array>
				<key>isa</key>
				<string>PBXGroup</string>
				<key>name</key>
				<string>src</string>
				<key>sourceTree</key>
				<string>&lt;group&gt;</string>
			</dict>
			<key>E6053AB7FEC63D5F83825B88</key>
			<dict>
				<key>children</key>
				<array>
					<string>BD2F1A9F8D0C05EDB29122D0</string>
					<string>38871A5825686AE018EC2BF0</string>
				</array>
				<key>isa</key>
				<string>PBXGroup</string>
				<key>name</key>
				<string>ofxOsc</string>
				<key>sourceTree</key>
				<string>&lt;group&gt;</string>
			</dict>
			<key>8F7E897D2AE1EC438DB0F288</key>
			<dict>
				<key>explicitFileType</key>
				<string>sourcecode.c.h</string>
				<key>fileEncoding</key>
				<string>4</string>
				<key>isa</key>
				<string>PBXFileReference</string>
				<key>name</key>
				<string>ofxOsc.h</string>
				<key>path</key>
				<string>../../../../Documents/_gllm/of_git/openFrameworks/addons/ofxOsc/src/ofxOsc.h</string>
				<key>sourceTree</key>
				<string>SOURCE_ROOT</string>
			</dict>
			<key>385F1A696937FEC8257EF6F4</key>
			<dict>
				<key>explicitFileType</key>
				<string>sourcecode.c.h</string>
				<key>fileEncoding</key>
				<string>4</string>
				<key>isa</key>
				<string>PBXFileReference</string>
				<key>name</key>
				<string>ofxToggle.h</string>
				<key>path</key>
				<string>../../../../Documents/_gllm/of_git/openFrameworks/addons/ofxGui/src/ofxToggle.h</string>
				<key>sourceTree</key>
				<string>SOURCE_ROOT</string>
			</dict>
			<key>A3B5FF71B8B857A2E1B408CF</key>
			<dict>
				<key>fileRef</key>
				<string>845A4094315751959990A82E</string>
				<key>isa</key>
				<string>PBXBuildFile</string>
			</dict>
			<key>845A4094315751959990A82E</key>
			<dict>
				<key>explicitFileType</key>
				<string>sourcecode.cpp.cpp</string>
				<key>fileEncoding</key>
				<string>4</string>
				<key>isa</key>
				<string>PBXFileReference</string>
				<key>name</key>
				<string>ofxToggle.cpp</string>
				<key>path</key>
				<string>../../../../Documents/_gllm/of_git/openFrameworks/addons/ofxGui/src/ofxToggle.cpp</string>
				<key>sourceTree</key>
				<string>SOURCE_ROOT</string>
			</dict>
			<key>7BC9E013625C63456532A047</key>
			<dict>
				<key>explicitFileType</key>
				<string>sourcecode.c.h</string>
				<key>fileEncoding</key>
				<string>4</string>
				<key>isa</key>
				<string>PBXFileReference</string>
				<key>name</key>
				<string>ofxSliderGroup.h</string>
				<key>path</key>
				<string>../../../../Documents/_gllm/of_git/openFrameworks/addons/ofxGui/src/ofxSliderGroup.h</string>
				<key>sourceTree</key>
				<string>SOURCE_ROOT</string>
			</dict>
			<key>5FE548F5055B85AD7682FE00</key>
			<dict>
				<key>fileRef</key>
				<string>9E9BA62F0B7C094F810028F3</string>
				<key>isa</key>
				<string>PBXBuildFile</string>
			</dict>
			<key>9E9BA62F0B7C094F810028F3</key>
			<dict>
				<key>explicitFileType</key>
				<string>sourcecode.cpp.cpp</string>
				<key>fileEncoding</key>
				<string>4</string>
				<key>isa</key>
				<string>PBXFileReference</string>
				<key>name</key>
				<string>ofxSliderGroup.cpp</string>
				<key>path</key>
				<string>../../../../Documents/_gllm/of_git/openFrameworks/addons/ofxGui/src/ofxSliderGroup.cpp</string>
				<key>sourceTree</key>
				<string>SOURCE_ROOT</string>
			</dict>
			<key>8E04694B3613153373A3B1C7</key>
			<dict>
				<key>explicitFileType</key>
				<string>sourcecode.c.h</string>
				<key>fileEncoding</key>
				<string>4</string>
				<key>isa</key>
				<string>PBXFileReference</string>
				<key>name</key>
				<string>ofxSlider.h</string>
				<key>path</key>
				<string>../../../../Documents/_gllm/of_git/openFrameworks/addons/ofxGui/src/ofxSlider.h</string>
				<key>sourceTree</key>
				<string>SOURCE_ROOT</string>
			</dict>
			<key>A540AB8711EB15BA69C6D712</key>
			<dict>
				<key>fileRef</key>
				<string>D8341B199890259CDE3C3DFE</string>
				<key>isa</key>
				<string>PBXBuildFile</string>
			</dict>
			<key>D8341B199890259CDE3C3DFE</key>
			<dict>
				<key>explicitFileType</key>
				<string>sourcecode.cpp.cpp</string>
				<key>fileEncoding</key>
				<string>4</string>
				<key>isa</key>
				<string>PBXFileReference</string>
				<key>name</key>
				<string>ofxSlider.cpp</string>
				<key>path</key>
				<string>../../../../Documents/_gllm/of_git/openFrameworks/addons/ofxGui/src/ofxSlider.cpp</string>
				<key>sourceTree</key>
				<string>SOURCE_ROOT</string>
			</dict>
			<key>BE790738D780DBA826BFB078</key>
			<dict>
				<key>explicitFileType</key>
				<string>sourcecode.c.h</string>
				<key>fileEncoding</key>
				<string>4</string>
				<key>isa</key>
				<string>PBXFileReference</string>
				<key>name</key>
				<string>ofxPanel.h</string>
				<key>path</key>
				<string>../../../../Documents/_gllm/of_git/openFrameworks/addons/ofxGui/src/ofxPanel.h</string>
				<key>sourceTree</key>
				<string>SOURCE_ROOT</string>
			</dict>
			<key>07DB8F5AFE3DC87D812BD6C7</key>
			<dict>
				<key>fileRef</key>
				<string>A2017A0B696B688A6867C699</string>
				<key>isa</key>
				<string>PBXBuildFile</string>
			</dict>
			<key>A2017A0B696B688A6867C699</key>
			<dict>
				<key>explicitFileType</key>
				<string>sourcecode.cpp.cpp</string>
				<key>fileEncoding</key>
				<string>4</string>
				<key>isa</key>
				<string>PBXFileReference</string>
				<key>name</key>
				<string>ofxPanel.cpp</string>
				<key>path</key>
				<string>../../../../Documents/_gllm/of_git/openFrameworks/addons/ofxGui/src/ofxPanel.cpp</string>
				<key>sourceTree</key>
				<string>SOURCE_ROOT</string>
			</dict>
			<key>0BB52522539A4633D8EB0602</key>
			<dict>
				<key>explicitFileType</key>
				<string>sourcecode.c.h</string>
				<key>fileEncoding</key>
				<string>4</string>
				<key>isa</key>
				<string>PBXFileReference</string>
				<key>name</key>
				<string>ofxLabel.h</string>
				<key>path</key>
				<string>../../../../Documents/_gllm/of_git/openFrameworks/addons/ofxGui/src/ofxLabel.h</string>
				<key>sourceTree</key>
				<string>SOURCE_ROOT</string>
			</dict>
			<key>7D20E4F87C63779EEB52481A</key>
			<dict>
				<key>fileRef</key>
				<string>8E60CD4980537CC3D2535D05</string>
				<key>isa</key>
				<string>PBXBuildFile</string>
			</dict>
			<key>8E60CD4980537CC3D2535D05</key>
			<dict>
				<key>explicitFileType</key>
				<string>sourcecode.cpp.cpp</string>
				<key>fileEncoding</key>
				<string>4</string>
				<key>isa</key>
				<string>PBXFileReference</string>
				<key>name</key>
				<string>ofxLabel.cpp</string>
				<key>path</key>
				<string>../../../../Documents/_gllm/of_git/openFrameworks/addons/ofxGui/src/ofxLabel.cpp</string>
				<key>sourceTree</key>
				<string>SOURCE_ROOT</string>
			</dict>
			<key>8B0D1C3B1DB44AEDAFF84C33</key>
			<dict>
				<key>explicitFileType</key>
				<string>sourcecode.c.h</string>
				<key>fileEncoding</key>
				<string>4</string>
				<key>isa</key>
				<string>PBXFileReference</string>
				<key>name</key>
				<string>ofxInputField.h</string>
				<key>path</key>
				<string>../../../../Documents/_gllm/of_git/openFrameworks/addons/ofxGui/src/ofxInputField.h</string>
				<key>sourceTree</key>
				<string>SOURCE_ROOT</string>
			</dict>
			<key>CEA1F8B652F5C2391D03BF33</key>
			<dict>
				<key>fileRef</key>
				<string>A129A6DA3070CFDCA0218847</string>
				<key>isa</key>
				<string>PBXBuildFile</string>
			</dict>
			<key>A129A6DA3070CFDCA0218847</key>
			<dict>
				<key>explicitFileType</key>
				<string>sourcecode.cpp.cpp</string>
				<key>fileEncoding</key>
				<string>4</string>
				<key>isa</key>
				<string>PBXFileReference</string>
				<key>name</key>
				<string>ofxInputField.cpp</string>
				<key>path</key>
				<string>../../../../Documents/_gllm/of_git/openFrameworks/addons/ofxGui/src/ofxInputField.cpp</string>
				<key>sourceTree</key>
				<string>SOURCE_ROOT</string>
			</dict>
			<key>DB4568E0CDCA693E76ACED05</key>
			<dict>
				<key>explicitFileType</key>
				<string>sourcecode.c.h</string>
				<key>fileEncoding</key>
				<string>4</string>
				<key>isa</key>
				<string>PBXFileReference</string>
				<key>name</key>
				<string>ofxGuiGroup.h</string>
				<key>path</key>
				<string>../../../../Documents/_gllm/of_git/openFrameworks/addons/ofxGui/src/ofxGuiGroup.h</string>
				<key>sourceTree</key>
				<string>SOURCE_ROOT</string>
			</dict>
			<key>8E053A90BFF91599CB898220</key>
			<dict>
				<key>fileRef</key>
				<string>55B1A0E6562ED387F7F39283</string>
				<key>isa</key>
				<string>PBXBuildFile</string>
			</dict>
			<key>55B1A0E6562ED387F7F39283</key>
			<dict>
				<key>explicitFileType</key>
				<string>sourcecode.cpp.cpp</string>
				<key>fileEncoding</key>
				<string>4</string>
				<key>isa</key>
				<string>PBXFileReference</string>
				<key>name</key>
				<string>ofxGuiGroup.cpp</string>
				<key>path</key>
				<string>../../../../Documents/_gllm/of_git/openFrameworks/addons/ofxGui/src/ofxGuiGroup.cpp</string>
				<key>sourceTree</key>
				<string>SOURCE_ROOT</string>
			</dict>
			<key>71E5B255C2209848D5A7CC7C</key>
			<dict>
				<key>explicitFileType</key>
				<string>sourcecode.c.h</string>
				<key>fileEncoding</key>
				<string>4</string>
				<key>isa</key>
				<string>PBXFileReference</string>
				<key>name</key>
				<string>ofxGui.h</string>
				<key>path</key>
				<string>../../../../Documents/_gllm/of_git/openFrameworks/addons/ofxGui/src/ofxGui.h</string>
				<key>sourceTree</key>
				<string>SOURCE_ROOT</string>
			</dict>
			<key>29970189EA87F622F789A3AF</key>
			<dict>
				<key>explicitFileType</key>
				<string>sourcecode.c.h</string>
				<key>fileEncoding</key>
				<string>4</string>
				<key>isa</key>
				<string>PBXFileReference</string>
				<key>name</key>
				<string>ofxColorPicker.h</string>
				<key>path</key>
				<string>../../../../Documents/_gllm/of_git/openFrameworks/addons/ofxGui/src/ofxColorPicker.h</string>
				<key>sourceTree</key>
				<string>SOURCE_ROOT</string>
			</dict>
			<key>44454D47F061ECCB6C19C5DB</key>
			<dict>
				<key>fileRef</key>
				<string>02A94006A824715DE5BB2A85</string>
				<key>isa</key>
				<string>PBXBuildFile</string>
			</dict>
			<key>02A94006A824715DE5BB2A85</key>
			<dict>
				<key>explicitFileType</key>
				<string>sourcecode.cpp.cpp</string>
				<key>fileEncoding</key>
				<string>4</string>
				<key>isa</key>
				<string>PBXFileReference</string>
				<key>name</key>
				<string>ofxColorPicker.cpp</string>
				<key>path</key>
				<string>../../../../Documents/_gllm/of_git/openFrameworks/addons/ofxGui/src/ofxColorPicker.cpp</string>
				<key>sourceTree</key>
				<string>SOURCE_ROOT</string>
			</dict>
			<key>B7D44784B45857ED313BF301</key>
			<dict>
				<key>explicitFileType</key>
				<string>sourcecode.c.h</string>
				<key>fileEncoding</key>
				<string>4</string>
				<key>isa</key>
				<string>PBXFileReference</string>
				<key>name</key>
				<string>ofxButton.h</string>
				<key>path</key>
				<string>../../../../Documents/_gllm/of_git/openFrameworks/addons/ofxGui/src/ofxButton.h</string>
				<key>sourceTree</key>
				<string>SOURCE_ROOT</string>
			</dict>
			<key>86B711A5A96831B164DE6C82</key>
			<dict>
				<key>fileRef</key>
				<string>F253DC0DBA96B5CF45ACCC29</string>
				<key>isa</key>
				<string>PBXBuildFile</string>
			</dict>
			<key>F253DC0DBA96B5CF45ACCC29</key>
			<dict>
				<key>explicitFileType</key>
				<string>sourcecode.cpp.cpp</string>
				<key>fileEncoding</key>
				<string>4</string>
				<key>isa</key>
				<string>PBXFileReference</string>
				<key>name</key>
				<string>ofxButton.cpp</string>
				<key>path</key>
				<string>../../../../Documents/_gllm/of_git/openFrameworks/addons/ofxGui/src/ofxButton.cpp</string>
				<key>sourceTree</key>
				<string>SOURCE_ROOT</string>
			</dict>
			<key>053106676BB5E69612E93F3F</key>
			<dict>
				<key>explicitFileType</key>
				<string>sourcecode.c.h</string>
				<key>fileEncoding</key>
				<string>4</string>
				<key>isa</key>
				<string>PBXFileReference</string>
				<key>name</key>
				<string>ofxBaseGui.h</string>
				<key>path</key>
				<string>../../../../Documents/_gllm/of_git/openFrameworks/addons/ofxGui/src/ofxBaseGui.h</string>
				<key>sourceTree</key>
				<string>SOURCE_ROOT</string>
			</dict>
			<key>A763ED608B35AE3310251DEE</key>
			<dict>
				<key>children</key>
				<array>
					<string>5556F35EC8FEAC8C1F3D3604</string>
					<string>053106676BB5E69612E93F3F</string>
					<string>F253DC0DBA96B5CF45ACCC29</string>
					<string>B7D44784B45857ED313BF301</string>
					<string>02A94006A824715DE5BB2A85</string>
					<string>29970189EA87F622F789A3AF</string>
					<string>71E5B255C2209848D5A7CC7C</string>
					<string>55B1A0E6562ED387F7F39283</string>
					<string>DB4568E0CDCA693E76ACED05</string>
					<string>A129A6DA3070CFDCA0218847</string>
					<string>8B0D1C3B1DB44AEDAFF84C33</string>
					<string>8E60CD4980537CC3D2535D05</string>
					<string>0BB52522539A4633D8EB0602</string>
					<string>A2017A0B696B688A6867C699</string>
					<string>BE790738D780DBA826BFB078</string>
					<string>D8341B199890259CDE3C3DFE</string>
					<string>8E04694B3613153373A3B1C7</string>
					<string>9E9BA62F0B7C094F810028F3</string>
					<string>7BC9E013625C63456532A047</string>
					<string>845A4094315751959990A82E</string>
					<string>385F1A696937FEC8257EF6F4</string>
				</array>
				<key>isa</key>
				<string>PBXGroup</string>
				<key>name</key>
				<string>src</string>
				<key>sourceTree</key>
				<string>&lt;group&gt;</string>
			</dict>
			<key>480A780D8D0308AE4A368801</key>
			<dict>
				<key>children</key>
				<array>
					<string>A763ED608B35AE3310251DEE</string>
				</array>
				<key>isa</key>
				<string>PBXGroup</string>
				<key>name</key>
				<string>ofxGui</string>
				<key>sourceTree</key>
				<string>&lt;group&gt;</string>
			</dict>
			<key>CAA0EA8CBD4D655F904EB466</key>
			<dict>
				<key>fileRef</key>
				<string>5556F35EC8FEAC8C1F3D3604</string>
				<key>isa</key>
				<string>PBXBuildFile</string>
			</dict>
			<key>5556F35EC8FEAC8C1F3D3604</key>
			<dict>
				<key>explicitFileType</key>
				<string>sourcecode.cpp.cpp</string>
				<key>fileEncoding</key>
				<string>4</string>
				<key>isa</key>
				<string>PBXFileReference</string>
				<key>name</key>
				<string>ofxBaseGui.cpp</string>
				<key>path</key>
				<string>../../../../Documents/_gllm/of_git/openFrameworks/addons/ofxGui/src/ofxBaseGui.cpp</string>
				<key>sourceTree</key>
				<string>SOURCE_ROOT</string>
			</dict>
			<key>12616937D5557AA1215B153E</key>
			<dict>
				<key>fileRef</key>
				<string>0296092FD852CED138D7B88D</string>
				<key>isa</key>
				<string>PBXBuildFile</string>
			</dict>
			<key>0296092FD852CED138D7B88D</key>
			<dict>
				<key>explicitFileType</key>
				<string>file</string>
				<key>fileEncoding</key>
				<string>4</string>
				<key>isa</key>
				<string>PBXFileReference</string>
				<key>name</key>
				<string>%</string>
				<key>path</key>
				<string>../../../../Documents/_gllm/of_git/openFrameworks/addons/ofxBasicSoundPlayer/libs/libaudiodecoder/include/apple/%</string>
				<key>sourceTree</key>
				<string>SOURCE_ROOT</string>
			</dict>
			<key>4E2C2DAAD4DA74653E95EB41</key>
			<dict>
				<key>fileRef</key>
				<string>90B9C08E682DB9927BFE549E</string>
				<key>isa</key>
				<string>PBXBuildFile</string>
			</dict>
			<key>90B9C08E682DB9927BFE549E</key>
			<dict>
				<key>explicitFileType</key>
				<string>sourcecode.cpp.cpp</string>
				<key>fileEncoding</key>
				<string>4</string>
				<key>isa</key>
				<string>PBXFileReference</string>
				<key>name</key>
				<string>audiodecodercoreaudio.cpp</string>
				<key>path</key>
				<string>../../../../Documents/_gllm/of_git/openFrameworks/addons/ofxBasicSoundPlayer/libs/libaudiodecoder/src/audiodecodercoreaudio.cpp</string>
				<key>sourceTree</key>
				<string>SOURCE_ROOT</string>
			</dict>
			<key>6F67FF0E8835EC8E8F80F81F</key>
			<dict>
				<key>children</key>
				<array>
					<string>DDF05BC79B3C679D894ABA5D</string>
					<string>90B9C08E682DB9927BFE549E</string>
				</array>
				<key>isa</key>
				<string>PBXGroup</string>
				<key>name</key>
				<string>src</string>
				<key>sourceTree</key>
				<string>&lt;group&gt;</string>
			</dict>
			<key>ADB38319725B9246421AE680</key>
			<dict>
				<key>fileRef</key>
				<string>DDF05BC79B3C679D894ABA5D</string>
				<key>isa</key>
				<string>PBXBuildFile</string>
			</dict>
			<key>DDF05BC79B3C679D894ABA5D</key>
			<dict>
				<key>explicitFileType</key>
				<string>sourcecode.cpp.cpp</string>
				<key>fileEncoding</key>
				<string>4</string>
				<key>isa</key>
				<string>PBXFileReference</string>
				<key>name</key>
				<string>audiodecoderbase.cpp</string>
				<key>path</key>
				<string>../../../../Documents/_gllm/of_git/openFrameworks/addons/ofxBasicSoundPlayer/libs/libaudiodecoder/src/audiodecoderbase.cpp</string>
				<key>sourceTree</key>
				<string>SOURCE_ROOT</string>
			</dict>
			<key>6EBC6E2EC981312643BF7A9A</key>
			<dict>
				<key>explicitFileType</key>
				<string>sourcecode.c.h</string>
				<key>fileEncoding</key>
				<string>4</string>
				<key>isa</key>
				<string>PBXFileReference</string>
				<key>name</key>
				<string>audiodecodercoreaudio.h</string>
				<key>path</key>
				<string>../../../../Documents/_gllm/of_git/openFrameworks/addons/ofxBasicSoundPlayer/libs/libaudiodecoder/include/audiodecodercoreaudio.h</string>
				<key>sourceTree</key>
				<string>SOURCE_ROOT</string>
			</dict>
			<key>7BA862D8A54CD28797E0416D</key>
			<dict>
				<key>explicitFileType</key>
				<string>sourcecode.c.h</string>
				<key>fileEncoding</key>
				<string>4</string>
				<key>isa</key>
				<string>PBXFileReference</string>
				<key>name</key>
				<string>audiodecoderbase.h</string>
				<key>path</key>
				<string>../../../../Documents/_gllm/of_git/openFrameworks/addons/ofxBasicSoundPlayer/libs/libaudiodecoder/include/audiodecoderbase.h</string>
				<key>sourceTree</key>
				<string>SOURCE_ROOT</string>
			</dict>
			<key>26C2A06AE91C5FE969BB96EC</key>
			<dict>
				<key>explicitFileType</key>
				<string>sourcecode.c.h</string>
				<key>fileEncoding</key>
				<string>4</string>
				<key>isa</key>
				<string>PBXFileReference</string>
				<key>name</key>
				<string>audiodecoder.h</string>
				<key>path</key>
				<string>../../../../Documents/_gllm/of_git/openFrameworks/addons/ofxBasicSoundPlayer/libs/libaudiodecoder/include/audiodecoder.h</string>
				<key>sourceTree</key>
				<string>SOURCE_ROOT</string>
			</dict>
			<key>C0ADD835E0FAE87B5346F249</key>
			<dict>
				<key>explicitFileType</key>
				<string>sourcecode.c.h</string>
				<key>fileEncoding</key>
				<string>4</string>
				<key>isa</key>
				<string>PBXFileReference</string>
				<key>name</key>
				<string>CAStreamBasicDescription.h</string>
				<key>path</key>
				<string>../../../../Documents/_gllm/of_git/openFrameworks/addons/ofxBasicSoundPlayer/libs/libaudiodecoder/include/apple/CAStreamBasicDescription.h</string>
				<key>sourceTree</key>
				<string>SOURCE_ROOT</string>
			</dict>
			<key>30111C490356BC17C8084286</key>
			<dict>
				<key>children</key>
				<array>
					<string>2BAEE562BAD22E8375810A18</string>
					<string>C0ADD835E0FAE87B5346F249</string>
				</array>
				<key>isa</key>
				<string>PBXGroup</string>
				<key>name</key>
				<string>apple</string>
				<key>sourceTree</key>
				<string>&lt;group&gt;</string>
			</dict>
			<key>125168EE6DBE652F327A08F2</key>
			<dict>
				<key>children</key>
				<array>
					<string>30111C490356BC17C8084286</string>
					<string>26C2A06AE91C5FE969BB96EC</string>
					<string>7BA862D8A54CD28797E0416D</string>
					<string>6EBC6E2EC981312643BF7A9A</string>
				</array>
				<key>isa</key>
				<string>PBXGroup</string>
				<key>name</key>
				<string>include</string>
				<key>sourceTree</key>
				<string>&lt;group&gt;</string>
			</dict>
			<key>7F481D9B62E7FAA4AFFF86BF</key>
			<dict>
				<key>children</key>
				<array>
					<string>125168EE6DBE652F327A08F2</string>
					<string>6F67FF0E8835EC8E8F80F81F</string>
				</array>
				<key>isa</key>
				<string>PBXGroup</string>
				<key>name</key>
				<string>libaudiodecoder</string>
				<key>sourceTree</key>
				<string>&lt;group&gt;</string>
			</dict>
			<key>C766AF4FA3357C518FD31DE5</key>
			<dict>
				<key>children</key>
				<array>
					<string>7F481D9B62E7FAA4AFFF86BF</string>
				</array>
				<key>isa</key>
				<string>PBXGroup</string>
				<key>name</key>
				<string>libs</string>
				<key>sourceTree</key>
				<string>&lt;group&gt;</string>
			</dict>
			<key>2BAEE562BAD22E8375810A18</key>
			<dict>
				<key>explicitFileType</key>
				<string>sourcecode.c.h</string>
				<key>fileEncoding</key>
				<string>4</string>
				<key>isa</key>
				<string>PBXFileReference</string>
				<key>name</key>
				<string>CADebugMacros.h</string>
				<key>path</key>
				<string>../../../../Documents/_gllm/of_git/openFrameworks/addons/ofxBasicSoundPlayer/libs/libaudiodecoder/include/apple/CADebugMacros.h</string>
				<key>sourceTree</key>
				<string>SOURCE_ROOT</string>
			</dict>
			<key>11B8F6CF68FBBEEE982CDB9F</key>
			<dict>
				<key>explicitFileType</key>
				<string>sourcecode.c.h</string>
				<key>fileEncoding</key>
				<string>4</string>
				<key>isa</key>
				<string>PBXFileReference</string>
				<key>name</key>
				<string>ofxSoundFile.h</string>
				<key>path</key>
				<string>../../../../Documents/_gllm/of_git/openFrameworks/addons/ofxBasicSoundPlayer/src/ofxSoundFile.h</string>
				<key>sourceTree</key>
				<string>SOURCE_ROOT</string>
			</dict>
			<key>BFFE1E3D673D5FC6C719BA37</key>
			<dict>
				<key>fileRef</key>
				<string>ED8C35867EDD440AB8794C36</string>
				<key>isa</key>
				<string>PBXBuildFile</string>
			</dict>
			<key>ED8C35867EDD440AB8794C36</key>
			<dict>
				<key>explicitFileType</key>
				<string>sourcecode.cpp.cpp</string>
				<key>fileEncoding</key>
				<string>4</string>
				<key>isa</key>
				<string>PBXFileReference</string>
				<key>name</key>
				<string>ofxSoundFile.cpp</string>
				<key>path</key>
				<string>../../../../Documents/_gllm/of_git/openFrameworks/addons/ofxBasicSoundPlayer/src/ofxSoundFile.cpp</string>
				<key>sourceTree</key>
				<string>SOURCE_ROOT</string>
			</dict>
			<key>EEBA98DC5DDF932B77E97C1A</key>
			<dict>
				<key>explicitFileType</key>
				<string>sourcecode.c.h</string>
				<key>fileEncoding</key>
				<string>4</string>
				<key>isa</key>
				<string>PBXFileReference</string>
				<key>name</key>
				<string>ofxBasicSoundPlayer.h</string>
				<key>path</key>
				<string>../../../../Documents/_gllm/of_git/openFrameworks/addons/ofxBasicSoundPlayer/src/ofxBasicSoundPlayer.h</string>
				<key>sourceTree</key>
				<string>SOURCE_ROOT</string>
			</dict>
			<key>DA8B4F95777CB51775D8C55F</key>
			<dict>
				<key>children</key>
				<array>
					<string>0EE83D819C1C791291AF2CF1</string>
					<string>EEBA98DC5DDF932B77E97C1A</string>
					<string>ED8C35867EDD440AB8794C36</string>
					<string>11B8F6CF68FBBEEE982CDB9F</string>
				</array>
				<key>isa</key>
				<string>PBXGroup</string>
				<key>name</key>
				<string>src</string>
				<key>sourceTree</key>
				<string>&lt;group&gt;</string>
			</dict>
			<key>66656FC950895F14797AF991</key>
			<dict>
				<key>children</key>
				<array>
					<string>DA8B4F95777CB51775D8C55F</string>
					<string>C766AF4FA3357C518FD31DE5</string>
				</array>
				<key>isa</key>
				<string>PBXGroup</string>
				<key>name</key>
				<string>ofxBasicSoundPlayer</string>
				<key>sourceTree</key>
				<string>&lt;group&gt;</string>
			</dict>
			<key>0365EDCB7F9522A942592427</key>
			<dict>
				<key>fileRef</key>
				<string>0EE83D819C1C791291AF2CF1</string>
				<key>isa</key>
				<string>PBXBuildFile</string>
			</dict>
			<key>0EE83D819C1C791291AF2CF1</key>
			<dict>
				<key>explicitFileType</key>
				<string>sourcecode.cpp.cpp</string>
				<key>fileEncoding</key>
				<string>4</string>
				<key>isa</key>
				<string>PBXFileReference</string>
				<key>name</key>
				<string>ofxBasicSoundPlayer.cpp</string>
				<key>path</key>
				<string>../../../../Documents/_gllm/of_git/openFrameworks/addons/ofxBasicSoundPlayer/src/ofxBasicSoundPlayer.cpp</string>
				<key>sourceTree</key>
				<string>SOURCE_ROOT</string>
			</dict>
			<key>90B5637F05B979135C93AAFC</key>
			<dict>
				<key>explicitFileType</key>
				<string>sourcecode.c.h</string>
				<key>fileEncoding</key>
				<string>4</string>
				<key>isa</key>
				<string>PBXFileReference</string>
				<key>name</key>
				<string>recall.hpp</string>
				<key>path</key>
				<string>src/recall.hpp</string>
				<key>sourceTree</key>
				<string>SOURCE_ROOT</string>
			</dict>
			<key>772F482BC862C9ACE85EBF2E</key>
			<dict>
				<key>fileRef</key>
				<string>22648FA2119E4EF8DCB19AB8</string>
				<key>isa</key>
				<string>PBXBuildFile</string>
			</dict>
			<key>22648FA2119E4EF8DCB19AB8</key>
			<dict>
				<key>explicitFileType</key>
				<string>sourcecode.cpp.cpp</string>
				<key>fileEncoding</key>
				<string>4</string>
				<key>isa</key>
				<string>PBXFileReference</string>
				<key>name</key>
				<string>recall.cpp</string>
				<key>path</key>
				<string>src/recall.cpp</string>
				<key>sourceTree</key>
				<string>SOURCE_ROOT</string>
			</dict>
			<key>BAF075E2DA9182CEE9EF4559</key>
			<dict>
				<key>explicitFileType</key>
				<string>sourcecode.c.h</string>
				<key>fileEncoding</key>
				<string>4</string>
				<key>isa</key>
				<string>PBXFileReference</string>
				<key>name</key>
				<string>presets.hpp</string>
				<key>path</key>
				<string>src/presets.hpp</string>
				<key>sourceTree</key>
				<string>SOURCE_ROOT</string>
			</dict>
			<key>AE6AC5D865623D951730C6A0</key>
			<dict>
				<key>fileRef</key>
				<string>988F2901EE6F79FD521FDA94</string>
				<key>isa</key>
				<string>PBXBuildFile</string>
			</dict>
			<key>988F2901EE6F79FD521FDA94</key>
			<dict>
				<key>explicitFileType</key>
				<string>sourcecode.cpp.cpp</string>
				<key>fileEncoding</key>
				<string>4</string>
				<key>isa</key>
				<string>PBXFileReference</string>
				<key>name</key>
				<string>presets.cpp</string>
				<key>path</key>
				<string>src/presets.cpp</string>
				<key>sourceTree</key>
				<string>SOURCE_ROOT</string>
			</dict>
			<key>350866BC40140F388030B215</key>
			<dict>
				<key>explicitFileType</key>
				<string>sourcecode.c.h</string>
				<key>fileEncoding</key>
				<string>4</string>
				<key>isa</key>
				<string>PBXFileReference</string>
				<key>name</key>
				<string>interact.hpp</string>
				<key>path</key>
				<string>src/interact.hpp</string>
				<key>sourceTree</key>
				<string>SOURCE_ROOT</string>
			</dict>
			<key>0843FEC0CC59AF14241BA7E4</key>
			<dict>
				<key>fileRef</key>
				<string>43D38D3D77A012A0772ABED7</string>
				<key>isa</key>
				<string>PBXBuildFile</string>
			</dict>
			<key>43D38D3D77A012A0772ABED7</key>
			<dict>
				<key>explicitFileType</key>
				<string>sourcecode.cpp.cpp</string>
				<key>fileEncoding</key>
				<string>4</string>
				<key>isa</key>
				<string>PBXFileReference</string>
				<key>name</key>
				<string>interact.cpp</string>
				<key>path</key>
				<string>src/interact.cpp</string>
				<key>sourceTree</key>
				<string>SOURCE_ROOT</string>
			</dict>
			<key>3770EEFFD44F35A955206FD9</key>
			<dict>
				<key>explicitFileType</key>
				<string>sourcecode.c.h</string>
				<key>fileEncoding</key>
				<string>4</string>
				<key>isa</key>
				<string>PBXFileReference</string>
				<key>name</key>
				<string>graphe.hpp</string>
				<key>path</key>
				<string>src/graphe.hpp</string>
				<key>sourceTree</key>
				<string>SOURCE_ROOT</string>
			</dict>
			<key>04C57E361AA4881C8B186711</key>
			<dict>
				<key>fileRef</key>
				<string>49777DA78499AB27D9C3DD25</string>
				<key>isa</key>
				<string>PBXBuildFile</string>
			</dict>
			<key>49777DA78499AB27D9C3DD25</key>
			<dict>
				<key>explicitFileType</key>
				<string>sourcecode.cpp.cpp</string>
				<key>fileEncoding</key>
				<string>4</string>
				<key>isa</key>
				<string>PBXFileReference</string>
				<key>name</key>
				<string>graphe.cpp</string>
				<key>path</key>
				<string>src/graphe.cpp</string>
				<key>sourceTree</key>
				<string>SOURCE_ROOT</string>
			</dict>
			<key>668E0B8AC6BE51BB2B9A5800</key>
			<dict>
				<key>explicitFileType</key>
				<string>sourcecode.c.h</string>
				<key>fileEncoding</key>
				<string>4</string>
				<key>isa</key>
				<string>PBXFileReference</string>
				<key>name</key>
				<string>feedback.hpp</string>
				<key>path</key>
				<string>src/feedback.hpp</string>
				<key>sourceTree</key>
				<string>SOURCE_ROOT</string>
			</dict>
			<key>B0204C70B47C06384E3C5A7B</key>
			<dict>
				<key>fileRef</key>
				<string>F6F93F8821E5F0B9D6DAF7A4</string>
				<key>isa</key>
				<string>PBXBuildFile</string>
			</dict>
			<key>F6F93F8821E5F0B9D6DAF7A4</key>
			<dict>
				<key>explicitFileType</key>
				<string>sourcecode.cpp.cpp</string>
				<key>fileEncoding</key>
				<string>4</string>
				<key>isa</key>
				<string>PBXFileReference</string>
				<key>name</key>
				<string>feedback.cpp</string>
				<key>path</key>
				<string>src/feedback.cpp</string>
				<key>sourceTree</key>
				<string>SOURCE_ROOT</string>
			</dict>
			<key>0B9F376027D93A90E945D900</key>
			<dict>
				<key>explicitFileType</key>
				<string>sourcecode.c.h</string>
				<key>fileEncoding</key>
				<string>4</string>
				<key>isa</key>
				<string>PBXFileReference</string>
				<key>name</key>
				<string>dsp_sine_wave.h</string>
				<key>path</key>
				<string>src/dsp_sine_wave.h</string>
				<key>sourceTree</key>
				<string>SOURCE_ROOT</string>
			</dict>
			<key>4DEBB079747DA86E5BD1D43A</key>
			<dict>
				<key>explicitFileType</key>
				<string>sourcecode.c.h</string>
				<key>fileEncoding</key>
				<string>4</string>
				<key>isa</key>
				<string>PBXFileReference</string>
				<key>name</key>
				<string>dsp_delay.h</string>
				<key>path</key>
				<string>src/dsp_delay.h</string>
				<key>sourceTree</key>
				<string>SOURCE_ROOT</string>
			</dict>
			<key>75E62CA01735BC94E63671C8</key>
			<dict>
				<key>explicitFileType</key>
				<string>sourcecode.c.h</string>
				<key>fileEncoding</key>
				<string>4</string>
				<key>isa</key>
				<string>PBXFileReference</string>
				<key>name</key>
				<string>camera_ctl.hpp</string>
				<key>path</key>
				<string>src/camera_ctl.hpp</string>
				<key>sourceTree</key>
				<string>SOURCE_ROOT</string>
			</dict>
			<key>6048AFEC5307B2D7D07F1628</key>
			<dict>
				<key>fileRef</key>
				<string>9C2C91477CC464B4F9855ABA</string>
				<key>isa</key>
				<string>PBXBuildFile</string>
			</dict>
			<key>9C2C91477CC464B4F9855ABA</key>
			<dict>
				<key>explicitFileType</key>
				<string>sourcecode.cpp.cpp</string>
				<key>fileEncoding</key>
				<string>4</string>
				<key>isa</key>
				<string>PBXFileReference</string>
				<key>name</key>
				<string>camera_ctl.cpp</string>
				<key>path</key>
				<string>src/camera_ctl.cpp</string>
				<key>sourceTree</key>
				<string>SOURCE_ROOT</string>
			</dict>
			<key>EA336781DA4DA20A51D936BC</key>
			<dict>
				<key>explicitFileType</key>
				<string>sourcecode.c.h</string>
				<key>fileEncoding</key>
				<string>4</string>
				<key>isa</key>
				<string>PBXFileReference</string>
				<key>name</key>
				<string>audio_sampler.hpp</string>
				<key>path</key>
				<string>src/audio_sampler.hpp</string>
				<key>sourceTree</key>
				<string>SOURCE_ROOT</string>
			</dict>
			<key>B2DB9B60C4E4570CBDC2C676</key>
			<dict>
				<key>fileRef</key>
				<string>825804B7AF16A4475E10A2F7</string>
				<key>isa</key>
				<string>PBXBuildFile</string>
			</dict>
			<key>825804B7AF16A4475E10A2F7</key>
			<dict>
				<key>explicitFileType</key>
				<string>sourcecode.cpp.cpp</string>
				<key>fileEncoding</key>
				<string>4</string>
				<key>isa</key>
				<string>PBXFileReference</string>
				<key>name</key>
				<string>audio_sampler.cpp</string>
				<key>path</key>
				<string>src/audio_sampler.cpp</string>
				<key>sourceTree</key>
				<string>SOURCE_ROOT</string>
			</dict>
			<key>50C73E850129129E93940C06</key>
			<dict>
				<key>explicitFileType</key>
				<string>sourcecode.c.h</string>
				<key>fileEncoding</key>
				<string>4</string>
				<key>isa</key>
				<string>PBXFileReference</string>
				<key>name</key>
				<string>audio_io.hpp</string>
				<key>path</key>
				<string>src/audio_io.hpp</string>
				<key>sourceTree</key>
				<string>SOURCE_ROOT</string>
			</dict>
			<key>AB5CF855E7D0386EFD26C5B1</key>
			<dict>
				<key>fileRef</key>
				<string>154E4C80A82194083019B3B9</string>
				<key>isa</key>
				<string>PBXBuildFile</string>
			</dict>
			<key>154E4C80A82194083019B3B9</key>
			<dict>
				<key>explicitFileType</key>
				<string>sourcecode.cpp.cpp</string>
				<key>fileEncoding</key>
				<string>4</string>
				<key>isa</key>
				<string>PBXFileReference</string>
				<key>name</key>
				<string>audio_io.cpp</string>
				<key>path</key>
				<string>src/audio_io.cpp</string>
				<key>sourceTree</key>
				<string>SOURCE_ROOT</string>
			</dict>
			<key>6948EE371B920CB800B5AC1A</key>
			<dict>
				<key>children</key>
				<array />
				<key>isa</key>
				<string>PBXGroup</string>
				<key>name</key>
				<string>local_addons</string>
				<key>sourceTree</key>
				<string>&lt;group&gt;</string>
			</dict>
			<key>8466F1851C04CA0E00918B1C</key>
			<dict>
				<key>buildActionMask</key>
				<string>12</string>
				<key>files</key>
				<array />
				<key>inputPaths</key>
				<array />
				<key>isa</key>
				<string>PBXShellScriptBuildPhase</string>
				<key>outputPaths</key>
				<array />
				<key>runOnlyForDeploymentPostprocessing</key>
				<string>0</string>
				<key>shellPath</key>
				<string>/bin/sh</string>
				<key>shellScript</key>
				<string>echo "$GCC_PREPROCESSOR_DEFINITIONS";
APPSTORE=`expr "$GCC_PREPROCESSOR_DEFINITIONS" : ".*APPSTORE=\([0-9]*\)"`
if [ -z "$APPSTORE" ] ; then
echo "Note: Not copying bin/data to App Package or doing App Code signing. Use AppStore target for AppStore distribution";
else
# Copy bin/data into App/Resources
rsync -avz --exclude='.DS_Store' "${SRCROOT}/bin/data/" "${TARGET_BUILD_DIR}/${UNLOCALIZED_RESOURCES_FOLDER_PATH}/data/"

# ---- Code Sign App Package ----

# WARNING: You may have to run Clean in Xcode after changing CODE_SIGN_IDENTITY!

# Verify that $CODE_SIGN_IDENTITY is set
if [ -z "${CODE_SIGN_IDENTITY}" ] ; then
echo "CODE_SIGN_IDENTITY needs to be set for framework code-signing"
exit 0
fi

if [ -z "${CODE_SIGN_ENTITLEMENTS}" ] ; then
echo "CODE_SIGN_ENTITLEMENTS needs to be set for framework code-signing!"

if [ "${CONFIGURATION}" = "Release" ] ; then
exit 1
else
# Code-signing is optional for non-release builds.
exit 0
fi
fi

ITEMS=""

FRAMEWORKS_DIR="${TARGET_BUILD_DIR}/${FRAMEWORKS_FOLDER_PATH}"
echo "$FRAMEWORKS_DIR"
if [ -d "$FRAMEWORKS_DIR" ] ; then
FRAMEWORKS=$(find "${FRAMEWORKS_DIR}" -depth -type d -name "*.framework" -or -name "*.dylib" -or -name "*.bundle" | sed -e "s/\(.*framework\)/\1\/Versions\/A\//")
RESULT=$?
if [[ $RESULT != 0 ]] ; then
exit 1
fi

ITEMS="${FRAMEWORKS}"
fi

LOGINITEMS_DIR="${TARGET_BUILD_DIR}/${CONTENTS_FOLDER_PATH}/Library/LoginItems/"
if [ -d "$LOGINITEMS_DIR" ] ; then
LOGINITEMS=$(find "${LOGINITEMS_DIR}" -depth -type d -name "*.app")
RESULT=$?
if [[ $RESULT != 0 ]] ; then
exit 1
fi

ITEMS="${ITEMS}"$'\n'"${LOGINITEMS}"
fi

# Prefer the expanded name, if available.
CODE_SIGN_IDENTITY_FOR_ITEMS="${EXPANDED_CODE_SIGN_IDENTITY_NAME}"
if [ "${CODE_SIGN_IDENTITY_FOR_ITEMS}" = "" ] ; then
# Fall back to old behavior.
CODE_SIGN_IDENTITY_FOR_ITEMS="${CODE_SIGN_IDENTITY}"
fi

echo "Identity:"
echo "${CODE_SIGN_IDENTITY_FOR_ITEMS}"

echo "Entitlements:"
echo "${CODE_SIGN_ENTITLEMENTS}"

echo "Found:"
echo "${ITEMS}"

# Change the Internal Field Separator (IFS) so that spaces in paths will not cause problems below.
SAVED_IFS=$IFS
IFS=$(echo -en "\n\b")

# Loop through all items.
for ITEM in $ITEMS;
do
echo "Signing '${ITEM}'"
codesign --force --verbose --sign "${CODE_SIGN_IDENTITY_FOR_ITEMS}" --entitlements "${CODE_SIGN_ENTITLEMENTS}" "${ITEM}"
RESULT=$?
if [[ $RESULT != 0 ]] ; then
echo "Failed to sign '${ITEM}'."
IFS=$SAVED_IFS
exit 1
fi
done

# Restore $IFS.
IFS=$SAVED_IFS

fi
</string>
			</dict>
			<key>99FA3DBB1C7456C400CFA0EE</key>
			<dict>
				<key>baseConfigurationReference</key>
				<string>E4EB6923138AFD0F00A09F29</string>
				<key>buildSettings</key>
				<dict>
					<key>HEADER_SEARCH_PATHS</key>
					<array>
						<string>$(OF_CORE_HEADERS)</string>
						<string>src</string>
						<string>../../../../Documents/_gllm/of_git/openFrameworks/addons/ofxBasicSoundPlayer/libs</string>
						<string>../../../../Documents/_gllm/of_git/openFrameworks/addons/ofxBasicSoundPlayer/libs/libaudiodecoder</string>
						<string>../../../../Documents/_gllm/of_git/openFrameworks/addons/ofxBasicSoundPlayer/libs/libaudiodecoder/include</string>
						<string>../../../../Documents/_gllm/of_git/openFrameworks/addons/ofxBasicSoundPlayer/libs/libaudiodecoder/src</string>
						<string>../../../../Documents/_gllm/of_git/openFrameworks/addons/ofxBasicSoundPlayer/src</string>
						<string>../../../../Documents/_gllm/of_git/openFrameworks/addons/ofxGui/src</string>
						<string>../../../../Documents/_gllm/of_git/openFrameworks/addons/ofxOsc/libs</string>
						<string>../../../../Documents/_gllm/of_git/openFrameworks/addons/ofxOsc/libs/oscpack</string>
						<string>../../../../Documents/_gllm/of_git/openFrameworks/addons/ofxOsc/libs/oscpack/src</string>
						<string>../../../../Documents/_gllm/of_git/openFrameworks/addons/ofxOsc/libs/oscpack/src/ip</string>
						<string>../../../../Documents/_gllm/of_git/openFrameworks/addons/ofxOsc/libs/oscpack/src/ip/posix</string>
						<string>../../../../Documents/_gllm/of_git/openFrameworks/addons/ofxOsc/libs/oscpack/src/ip/win32</string>
						<string>../../../../Documents/_gllm/of_git/openFrameworks/addons/ofxOsc/libs/oscpack/src/osc</string>
						<string>../../../../Documents/_gllm/of_git/openFrameworks/addons/ofxOsc/src</string>
					</array>
					<key>CONFIGURATION_BUILD_DIR</key>
					<string>$(SRCROOT)/bin/</string>
					<key>COPY_PHASE_STRIP</key>
					<string>YES</string>
					<key>DEAD_CODE_STRIPPING</key>
					<string>YES</string>
					<key>GCC_AUTO_VECTORIZATION</key>
					<string>YES</string>
					<key>GCC_ENABLE_SSE3_EXTENSIONS</key>
					<string>YES</string>
					<key>GCC_ENABLE_SUPPLEMENTAL_SSE3_INSTRUCTIONS</key>
					<string>YES</string>
					<key>GCC_INLINES_ARE_PRIVATE_EXTERN</key>
					<string>NO</string>
					<key>GCC_OPTIMIZATION_LEVEL</key>
					<string>3</string>
					<key>GCC_PREPROCESSOR_DEFINITIONS[arch=*]</key>
					<string>DISTRIBUTION=1</string>
					<key>GCC_SYMBOLS_PRIVATE_EXTERN</key>
					<string>NO</string>
					<key>GCC_UNROLL_LOOPS</key>
					<string>YES</string>
					<key>GCC_WARN_ABOUT_DEPRECATED_FUNCTIONS</key>
					<string>YES</string>
					<key>GCC_WARN_ABOUT_INVALID_OFFSETOF_MACRO</key>
					<string>NO</string>
					<key>GCC_WARN_ALLOW_INCOMPLETE_PROTOCOL</key>
					<string>NO</string>
					<key>GCC_WARN_UNINITIALIZED_AUTOS</key>
					<string>NO</string>
					<key>GCC_WARN_UNUSED_VALUE</key>
					<string>NO</string>
					<key>GCC_WARN_UNUSED_VARIABLE</key>
					<string>NO</string>
					<key>MACOSX_DEPLOYMENT_TARGET</key>
					<string>10.9</string>
					<key>OTHER_CPLUSPLUSFLAGS</key>
					<array>
						<string>-D__MACOSX_CORE__</string>
						<string>-mtune=native</string>
					</array>
					<key>SDKROOT</key>
					<string>macosx</string>
				</dict>
				<key>isa</key>
				<string>XCBuildConfiguration</string>
				<key>name</key>
				<string>AppStore</string>
			</dict>
			<key>99FA3DBC1C7456C400CFA0EE</key>
			<dict>
				<key>baseConfigurationReference</key>
				<string>E4EB6923138AFD0F00A09F29</string>
				<key>buildSettings</key>
				<dict>
					<key>HEADER_SEARCH_PATHS</key>
					<array>
						<string>$(OF_CORE_HEADERS)</string>
						<string>src</string>
						<string>../../../../Documents/_gllm/of_git/openFrameworks/addons/ofxBasicSoundPlayer/libs</string>
						<string>../../../../Documents/_gllm/of_git/openFrameworks/addons/ofxBasicSoundPlayer/libs/libaudiodecoder</string>
						<string>../../../../Documents/_gllm/of_git/openFrameworks/addons/ofxBasicSoundPlayer/libs/libaudiodecoder/include</string>
						<string>../../../../Documents/_gllm/of_git/openFrameworks/addons/ofxBasicSoundPlayer/libs/libaudiodecoder/src</string>
						<string>../../../../Documents/_gllm/of_git/openFrameworks/addons/ofxBasicSoundPlayer/src</string>
						<string>../../../../Documents/_gllm/of_git/openFrameworks/addons/ofxGui/src</string>
						<string>../../../../Documents/_gllm/of_git/openFrameworks/addons/ofxOsc/libs</string>
						<string>../../../../Documents/_gllm/of_git/openFrameworks/addons/ofxOsc/libs/oscpack</string>
						<string>../../../../Documents/_gllm/of_git/openFrameworks/addons/ofxOsc/libs/oscpack/src</string>
						<string>../../../../Documents/_gllm/of_git/openFrameworks/addons/ofxOsc/libs/oscpack/src/ip</string>
						<string>../../../../Documents/_gllm/of_git/openFrameworks/addons/ofxOsc/libs/oscpack/src/ip/posix</string>
						<string>../../../../Documents/_gllm/of_git/openFrameworks/addons/ofxOsc/libs/oscpack/src/ip/win32</string>
						<string>../../../../Documents/_gllm/of_git/openFrameworks/addons/ofxOsc/libs/oscpack/src/osc</string>
						<string>../../../../Documents/_gllm/of_git/openFrameworks/addons/ofxOsc/src</string>
					</array>
					<key>COMBINE_HIDPI_IMAGES</key>
					<string>YES</string>
					<key>COPY_PHASE_STRIP</key>
					<string>YES</string>
					<key>FRAMEWORK_SEARCH_PATHS</key>
					<string>$(inherited)</string>
					<key>GCC_GENERATE_DEBUGGING_SYMBOLS</key>
					<string>YES</string>
					<key>GCC_MODEL_TUNING</key>
					<string>NONE</string>
					<key>GCC_PREPROCESSOR_DEFINITIONS[arch=*]</key>
					<string>APPSTORE=1</string>
					<key>ICON</key>
					<string>$(ICON_NAME_RELEASE)</string>
					<key>ICON_FILE</key>
					<string>$(ICON_FILE_PATH)$(ICON)</string>
					<key>INFOPLIST_FILE</key>
					<string>openFrameworks-Info.plist</string>
					<key>INSTALL_PATH</key>
					<string>/Applications</string>
					<key>LIBRARY_SEARCH_PATHS</key>
					<string>$(inherited)</string>
					<key>PRODUCT_NAME</key>
					<string>$(TARGET_NAME)</string>
					<key>WRAPPER_EXTENSION</key>
					<string>app</string>
					<key>baseConfigurationReference</key>
					<string>E4EB6923138AFD0F00A09F29</string>
				</dict>
				<key>isa</key>
				<string>XCBuildConfiguration</string>
				<key>name</key>
				<string>AppStore</string>
			</dict>
			<key>BB4B014C10F69532006C3DED</key>
			<dict>
				<key>children</key>
				<array>
					<string>66656FC950895F14797AF991</string>
					<string>480A780D8D0308AE4A368801</string>
					<string>E6053AB7FEC63D5F83825B88</string>
				</array>
				<key>isa</key>
				<string>PBXGroup</string>
				<key>name</key>
				<string>addons</string>
				<key>sourceTree</key>
				<string>&lt;group&gt;</string>
			</dict>
			<key>E4328143138ABC890047C5CB</key>
			<dict>
				<key>isa</key>
				<string>PBXFileReference</string>
				<key>lastKnownFileType</key>
				<string>wrapper.pb-project</string>
				<key>name</key>
				<string>openFrameworksLib.xcodeproj</string>
				<key>path</key>
				<string>../../../../Documents/_gllm/of_git/openFrameworks/libs/openFrameworksCompiled/project/osx/openFrameworksLib.xcodeproj</string>
				<key>sourceTree</key>
				<string>SOURCE_ROOT</string>
			</dict>
			<key>E4328144138ABC890047C5CB</key>
			<dict>
				<key>children</key>
				<array>
					<string>E4328148138ABC890047C5CB</string>
				</array>
				<key>isa</key>
				<string>PBXGroup</string>
				<key>name</key>
				<string>Products</string>
				<key>sourceTree</key>
				<string>&lt;group&gt;</string>
			</dict>
			<key>E4328147138ABC890047C5CB</key>
			<dict>
				<key>containerPortal</key>
				<string>E4328143138ABC890047C5CB</string>
				<key>isa</key>
				<string>PBXContainerItemProxy</string>
				<key>proxyType</key>
				<string>2</string>
				<key>remoteGlobalIDString</key>
				<string>E4B27C1510CBEB8E00536013</string>
				<key>remoteInfo</key>
				<string>openFrameworks</string>
			</dict>
			<key>E4328148138ABC890047C5CB</key>
			<dict>
				<key>fileType</key>
				<string>archive.ar</string>
				<key>isa</key>
				<string>PBXReferenceProxy</string>
				<key>path</key>
				<string>openFrameworksDebug.a</string>
				<key>remoteRef</key>
				<string>E4328147138ABC890047C5CB</string>
				<key>sourceTree</key>
				<string>BUILT_PRODUCTS_DIR</string>
			</dict>
			<key>E4328149138ABC9F0047C5CB</key>
			<dict>
				<key>fileRef</key>
				<string>E4328148138ABC890047C5CB</string>
				<key>isa</key>
				<string>PBXBuildFile</string>
			</dict>
			<key>E4B69B4A0A3A1720003C02F2</key>
			<dict>
				<key>children</key>
				<array>
					<string>E4B6FCAD0C3E899E008CF71C</string>
					<string>E4EB6923138AFD0F00A09F29</string>
					<string>E4B69E1C0A3A1BDC003C02F2</string>
					<string>E4EEC9E9138DF44700A80321</string>
					<string>BB4B014C10F69532006C3DED</string>
					<string>6948EE371B920CB800B5AC1A</string>
					<string>E4B69B5B0A3A1756003C02F2</string>
				</array>
				<key>isa</key>
				<string>PBXGroup</string>
				<key>sourceTree</key>
				<string>&lt;group&gt;</string>
			</dict>
			<key>E4B69B4C0A3A1720003C02F2</key>
			<dict>
				<key>attributes</key>
				<dict>
					<key>LastUpgradeCheck</key>
					<string>0600</string>
				</dict>
				<key>buildConfigurationList</key>
				<string>E4B69B4D0A3A1720003C02F2</string>
				<key>compatibilityVersion</key>
				<string>Xcode 3.2</string>
				<key>developmentRegion</key>
				<string>English</string>
				<key>hasScannedForEncodings</key>
				<string>0</string>
				<key>isa</key>
				<string>PBXProject</string>
				<key>knownRegions</key>
				<array>
					<string>English</string>
					<string>Japanese</string>
					<string>French</string>
					<string>German</string>
				</array>
				<key>mainGroup</key>
				<string>E4B69B4A0A3A1720003C02F2</string>
				<key>productRefGroup</key>
				<string>E4B69B4A0A3A1720003C02F2</string>
				<key>projectDirPath</key>
				<string />
				<key>projectReferences</key>
				<array>
					<dict>
						<key>ProductGroup</key>
						<string>E4328144138ABC890047C5CB</string>
						<key>ProjectRef</key>
						<string>E4328143138ABC890047C5CB</string>
					</dict>
				</array>
				<key>projectRoot</key>
				<string />
				<key>targets</key>
				<array>
					<string>E4B69B5A0A3A1756003C02F2</string>
				</array>
			</dict>
			<key>E4B69B4D0A3A1720003C02F2</key>
			<dict>
				<key>buildConfigurations</key>
				<array>
					<string>E4B69B4E0A3A1720003C02F2</string>
					<string>E4B69B4F0A3A1720003C02F2</string>
					<string>99FA3DBB1C7456C400CFA0EE</string>
				</array>
				<key>defaultConfigurationIsVisible</key>
				<string>0</string>
				<key>defaultConfigurationName</key>
				<string>Release</string>
				<key>isa</key>
				<string>XCConfigurationList</string>
			</dict>
			<key>E4B69B4E0A3A1720003C02F2</key>
			<dict>
				<key>baseConfigurationReference</key>
				<string>E4EB6923138AFD0F00A09F29</string>
				<key>buildSettings</key>
				<dict>
					<key>HEADER_SEARCH_PATHS</key>
					<array>
						<string>$(OF_CORE_HEADERS)</string>
						<string>src</string>
						<string>../../../../Documents/_gllm/of_git/openFrameworks/addons/ofxBasicSoundPlayer/libs</string>
						<string>../../../../Documents/_gllm/of_git/openFrameworks/addons/ofxBasicSoundPlayer/libs/libaudiodecoder</string>
						<string>../../../../Documents/_gllm/of_git/openFrameworks/addons/ofxBasicSoundPlayer/libs/libaudiodecoder/include</string>
						<string>../../../../Documents/_gllm/of_git/openFrameworks/addons/ofxBasicSoundPlayer/libs/libaudiodecoder/src</string>
						<string>../../../../Documents/_gllm/of_git/openFrameworks/addons/ofxBasicSoundPlayer/src</string>
						<string>../../../../Documents/_gllm/of_git/openFrameworks/addons/ofxGui/src</string>
						<string>../../../../Documents/_gllm/of_git/openFrameworks/addons/ofxOsc/libs</string>
						<string>../../../../Documents/_gllm/of_git/openFrameworks/addons/ofxOsc/libs/oscpack</string>
						<string>../../../../Documents/_gllm/of_git/openFrameworks/addons/ofxOsc/libs/oscpack/src</string>
						<string>../../../../Documents/_gllm/of_git/openFrameworks/addons/ofxOsc/libs/oscpack/src/ip</string>
						<string>../../../../Documents/_gllm/of_git/openFrameworks/addons/ofxOsc/libs/oscpack/src/ip/posix</string>
						<string>../../../../Documents/_gllm/of_git/openFrameworks/addons/ofxOsc/libs/oscpack/src/ip/win32</string>
						<string>../../../../Documents/_gllm/of_git/openFrameworks/addons/ofxOsc/libs/oscpack/src/osc</string>
						<string>../../../../Documents/_gllm/of_git/openFrameworks/addons/ofxOsc/src</string>
					</array>
					<key>CONFIGURATION_BUILD_DIR</key>
					<string>$(SRCROOT)/bin/</string>
					<key>COPY_PHASE_STRIP</key>
					<string>NO</string>
					<key>DEAD_CODE_STRIPPING</key>
					<string>YES</string>
					<key>GCC_AUTO_VECTORIZATION</key>
					<string>YES</string>
					<key>GCC_ENABLE_SSE3_EXTENSIONS</key>
					<string>YES</string>
					<key>GCC_ENABLE_SUPPLEMENTAL_SSE3_INSTRUCTIONS</key>
					<string>YES</string>
					<key>GCC_INLINES_ARE_PRIVATE_EXTERN</key>
					<string>NO</string>
					<key>GCC_OPTIMIZATION_LEVEL</key>
					<string>0</string>
					<key>GCC_SYMBOLS_PRIVATE_EXTERN</key>
					<string>NO</string>
					<key>GCC_WARN_ABOUT_DEPRECATED_FUNCTIONS</key>
					<string>YES</string>
					<key>GCC_WARN_ABOUT_INVALID_OFFSETOF_MACRO</key>
					<string>NO</string>
					<key>GCC_WARN_ALLOW_INCOMPLETE_PROTOCOL</key>
					<string>NO</string>
					<key>GCC_WARN_UNINITIALIZED_AUTOS</key>
					<string>NO</string>
					<key>GCC_WARN_UNUSED_VALUE</key>
					<string>NO</string>
					<key>GCC_WARN_UNUSED_VARIABLE</key>
					<string>NO</string>
					<key>MACOSX_DEPLOYMENT_TARGET</key>
					<string>10.9</string>
					<key>ONLY_ACTIVE_ARCH</key>
					<string>YES</string>
					<key>OTHER_CPLUSPLUSFLAGS</key>
					<array>
						<string>-D__MACOSX_CORE__</string>
						<string>-mtune=native</string>
					</array>
					<key>SDKROOT</key>
					<string>macosx</string>
				</dict>
				<key>isa</key>
				<string>XCBuildConfiguration</string>
				<key>name</key>
				<string>Debug</string>
			</dict>
			<key>E4B69B4F0A3A1720003C02F2</key>
			<dict>
				<key>baseConfigurationReference</key>
				<string>E4EB6923138AFD0F00A09F29</string>
				<key>buildSettings</key>
				<dict>
					<key>HEADER_SEARCH_PATHS</key>
					<array>
						<string>$(OF_CORE_HEADERS)</string>
						<string>src</string>
						<string>../../../../Documents/_gllm/of_git/openFrameworks/addons/ofxBasicSoundPlayer/libs</string>
						<string>../../../../Documents/_gllm/of_git/openFrameworks/addons/ofxBasicSoundPlayer/libs/libaudiodecoder</string>
						<string>../../../../Documents/_gllm/of_git/openFrameworks/addons/ofxBasicSoundPlayer/libs/libaudiodecoder/include</string>
						<string>../../../../Documents/_gllm/of_git/openFrameworks/addons/ofxBasicSoundPlayer/libs/libaudiodecoder/src</string>
						<string>../../../../Documents/_gllm/of_git/openFrameworks/addons/ofxBasicSoundPlayer/src</string>
						<string>../../../../Documents/_gllm/of_git/openFrameworks/addons/ofxGui/src</string>
						<string>../../../../Documents/_gllm/of_git/openFrameworks/addons/ofxOsc/libs</string>
						<string>../../../../Documents/_gllm/of_git/openFrameworks/addons/ofxOsc/libs/oscpack</string>
						<string>../../../../Documents/_gllm/of_git/openFrameworks/addons/ofxOsc/libs/oscpack/src</string>
						<string>../../../../Documents/_gllm/of_git/openFrameworks/addons/ofxOsc/libs/oscpack/src/ip</string>
						<string>../../../../Documents/_gllm/of_git/openFrameworks/addons/ofxOsc/libs/oscpack/src/ip/posix</string>
						<string>../../../../Documents/_gllm/of_git/openFrameworks/addons/ofxOsc/libs/oscpack/src/ip/win32</string>
						<string>../../../../Documents/_gllm/of_git/openFrameworks/addons/ofxOsc/libs/oscpack/src/osc</string>
						<string>../../../../Documents/_gllm/of_git/openFrameworks/addons/ofxOsc/src</string>
					</array>
					<key>CONFIGURATION_BUILD_DIR</key>
					<string>$(SRCROOT)/bin/</string>
					<key>COPY_PHASE_STRIP</key>
					<string>YES</string>
					<key>DEAD_CODE_STRIPPING</key>
					<string>YES</string>
					<key>GCC_AUTO_VECTORIZATION</key>
					<string>YES</string>
					<key>GCC_ENABLE_SSE3_EXTENSIONS</key>
					<string>YES</string>
					<key>GCC_ENABLE_SUPPLEMENTAL_SSE3_INSTRUCTIONS</key>
					<string>YES</string>
					<key>GCC_INLINES_ARE_PRIVATE_EXTERN</key>
					<string>NO</string>
					<key>GCC_OPTIMIZATION_LEVEL</key>
					<string>3</string>
					<key>GCC_SYMBOLS_PRIVATE_EXTERN</key>
					<string>NO</string>
					<key>GCC_UNROLL_LOOPS</key>
					<string>YES</string>
					<key>GCC_WARN_ABOUT_DEPRECATED_FUNCTIONS</key>
					<string>YES</string>
					<key>GCC_WARN_ABOUT_INVALID_OFFSETOF_MACRO</key>
					<string>NO</string>
					<key>GCC_WARN_ALLOW_INCOMPLETE_PROTOCOL</key>
					<string>NO</string>
					<key>GCC_WARN_UNINITIALIZED_AUTOS</key>
					<string>NO</string>
					<key>GCC_WARN_UNUSED_VALUE</key>
					<string>NO</string>
					<key>GCC_WARN_UNUSED_VARIABLE</key>
					<string>NO</string>
					<key>MACOSX_DEPLOYMENT_TARGET</key>
					<string>10.9</string>
					<key>OTHER_CPLUSPLUSFLAGS</key>
					<array>
						<string>-D__MACOSX_CORE__</string>
						<string>-mtune=native</string>
					</array>
					<key>SDKROOT</key>
					<string>macosx</string>
				</dict>
				<key>isa</key>
				<string>XCBuildConfiguration</string>
				<key>name</key>
				<string>Release</string>
			</dict>
			<key>E4B69B580A3A1756003C02F2</key>
			<dict>
				<key>buildActionMask</key>
				<string>2147483647</string>
				<key>files</key>
				<array>
					<string>E4B69E200A3A1BDC003C02F2</string>
					<string>E4B69E210A3A1BDC003C02F2</string>
					<string>AB5CF855E7D0386EFD26C5B1</string>
					<string>B2DB9B60C4E4570CBDC2C676</string>
					<string>6048AFEC5307B2D7D07F1628</string>
					<string>B0204C70B47C06384E3C5A7B</string>
					<string>04C57E361AA4881C8B186711</string>
					<string>0843FEC0CC59AF14241BA7E4</string>
					<string>AE6AC5D865623D951730C6A0</string>
					<string>772F482BC862C9ACE85EBF2E</string>
					<string>0365EDCB7F9522A942592427</string>
					<string>BFFE1E3D673D5FC6C719BA37</string>
					<string>ADB38319725B9246421AE680</string>
					<string>4E2C2DAAD4DA74653E95EB41</string>
					<string>12616937D5557AA1215B153E</string>
					<string>CAA0EA8CBD4D655F904EB466</string>
					<string>86B711A5A96831B164DE6C82</string>
					<string>44454D47F061ECCB6C19C5DB</string>
					<string>8E053A90BFF91599CB898220</string>
					<string>CEA1F8B652F5C2391D03BF33</string>
					<string>7D20E4F87C63779EEB52481A</string>
					<string>07DB8F5AFE3DC87D812BD6C7</string>
					<string>A540AB8711EB15BA69C6D712</string>
					<string>5FE548F5055B85AD7682FE00</string>
					<string>A3B5FF71B8B857A2E1B408CF</string>
					<string>9224AD7D67FCA1481B3019E2</string>
					<string>0553D4646F5C76C8B689FBA7</string>
					<string>E2644802CE4C6E58F79653AE</string>
					<string>E9E0103F51C689FE39F8F7DE</string>
					<string>9F8D8CB97839C1A6FB725E34</string>
					<string>CD9D4F666207FFB24CF6838C</string>
					<string>4CFEF7F8D3FD693049D7339B</string>
					<string>CA72BE978B78AC919D20A1C8</string>
					<string>041389DE1817F75D54FB3316</string>
					<string>C33C3A41777A5A07CAA83FBE</string>
					<string>9B0F755E8D479992A23C0187</string>
					<string>EE795DB69CE5BE60E3A706FB</string>
				</array>
				<key>isa</key>
				<string>PBXSourcesBuildPhase</string>
				<key>runOnlyForDeploymentPostprocessing</key>
				<string>0</string>
			</dict>
			<key>E4B69B590A3A1756003C02F2</key>
			<dict>
				<key>buildActionMask</key>
				<string>2147483647</string>
				<key>files</key>
				<array>
					<string>E4328149138ABC9F0047C5CB</string>
				</array>
				<key>isa</key>
				<string>PBXFrameworksBuildPhase</string>
				<key>runOnlyForDeploymentPostprocessing</key>
				<string>0</string>
			</dict>
			<key>E4B69B5A0A3A1756003C02F2</key>
			<dict>
				<key>buildConfigurationList</key>
				<string>E4B69B5F0A3A1757003C02F2</string>
				<key>buildPhases</key>
				<array>
					<string>E4B69B580A3A1756003C02F2</string>
					<string>E4B69B590A3A1756003C02F2</string>
					<string>E4B6FFFD0C3F9AB9008CF71C</string>
					<string>E4C2427710CC5ABF004149E2</string>
					<string>8466F1851C04CA0E00918B1C</string>
				</array>
				<key>buildRules</key>
				<array />
				<key>dependencies</key>
				<array>
					<string>E4EEB9AC138B136A00A80321</string>
				</array>
				<key>isa</key>
				<string>PBXNativeTarget</string>
				<key>name</key>
				<string>oscillographe</string>
				<key>productName</key>
				<string>myOFApp</string>
				<key>productReference</key>
				<string>E4B69B5B0A3A1756003C02F2</string>
				<key>productType</key>
				<string>com.apple.product-type.application</string>
			</dict>
			<key>E4B69B5B0A3A1756003C02F2</key>
			<dict>
				<key>explicitFileType</key>
				<string>wrapper.application</string>
				<key>includeInIndex</key>
				<string>0</string>
				<key>isa</key>
				<string>PBXFileReference</string>
				<key>path</key>
				<string>oscillographeDebug.app</string>
				<key>sourceTree</key>
				<string>BUILT_PRODUCTS_DIR</string>
			</dict>
			<key>E4B69B5F0A3A1757003C02F2</key>
			<dict>
				<key>buildConfigurations</key>
				<array>
					<string>E4B69B600A3A1757003C02F2</string>
					<string>E4B69B610A3A1757003C02F2</string>
					<string>99FA3DBC1C7456C400CFA0EE</string>
				</array>
				<key>defaultConfigurationIsVisible</key>
				<string>0</string>
				<key>defaultConfigurationName</key>
				<string>Release</string>
				<key>isa</key>
				<string>XCConfigurationList</string>
			</dict>
			<key>E4B69B600A3A1757003C02F2</key>
			<dict>
				<key>baseConfigurationReference</key>
				<string>E4EB6923138AFD0F00A09F29</string>
				<key>buildSettings</key>
				<dict>
					<key>HEADER_SEARCH_PATHS</key>
					<array>
						<string>$(OF_CORE_HEADERS)</string>
						<string>src</string>
						<string>../../../../Documents/_gllm/of_git/openFrameworks/addons/ofxBasicSoundPlayer/libs</string>
						<string>../../../../Documents/_gllm/of_git/openFrameworks/addons/ofxBasicSoundPlayer/libs/libaudiodecoder</string>
						<string>../../../../Documents/_gllm/of_git/openFrameworks/addons/ofxBasicSoundPlayer/libs/libaudiodecoder/include</string>
						<string>../../../../Documents/_gllm/of_git/openFrameworks/addons/ofxBasicSoundPlayer/libs/libaudiodecoder/src</string>
						<string>../../../../Documents/_gllm/of_git/openFrameworks/addons/ofxBasicSoundPlayer/src</string>
						<string>../../../../Documents/_gllm/of_git/openFrameworks/addons/ofxGui/src</string>
						<string>../../../../Documents/_gllm/of_git/openFrameworks/addons/ofxOsc/libs</string>
						<string>../../../../Documents/_gllm/of_git/openFrameworks/addons/ofxOsc/libs/oscpack</string>
						<string>../../../../Documents/_gllm/of_git/openFrameworks/addons/ofxOsc/libs/oscpack/src</string>
						<string>../../../../Documents/_gllm/of_git/openFrameworks/addons/ofxOsc/libs/oscpack/src/ip</string>
						<string>../../../../Documents/_gllm/of_git/openFrameworks/addons/ofxOsc/libs/oscpack/src/ip/posix</string>
						<string>../../../../Documents/_gllm/of_git/openFrameworks/addons/ofxOsc/libs/oscpack/src/ip/win32</string>
						<string>../../../../Documents/_gllm/of_git/openFrameworks/addons/ofxOsc/libs/oscpack/src/osc</string>
						<string>../../../../Documents/_gllm/of_git/openFrameworks/addons/ofxOsc/src</string>
					</array>
					<key>COMBINE_HIDPI_IMAGES</key>
					<string>YES</string>
					<key>COPY_PHASE_STRIP</key>
					<string>NO</string>
					<key>FRAMEWORK_SEARCH_PATHS</key>
					<string>$(inherited)</string>
					<key>GCC_DYNAMIC_NO_PIC</key>
					<string>NO</string>
					<key>GCC_GENERATE_DEBUGGING_SYMBOLS</key>
					<string>YES</string>
					<key>GCC_MODEL_TUNING</key>
					<string>NONE</string>
					<key>ICON</key>
					<string>$(ICON_NAME_DEBUG)</string>
					<key>ICON_FILE</key>
					<string>$(ICON_FILE_PATH)$(ICON)</string>
					<key>INFOPLIST_FILE</key>
					<string>openFrameworks-Info.plist</string>
					<key>INSTALL_PATH</key>
					<string>/Applications</string>
					<key>LIBRARY_SEARCH_PATHS</key>
					<string>$(inherited)</string>
					<key>PRODUCT_NAME</key>
					<string>$(TARGET_NAME)Debug</string>
					<key>WRAPPER_EXTENSION</key>
					<string>app</string>
				</dict>
				<key>isa</key>
				<string>XCBuildConfiguration</string>
				<key>name</key>
				<string>Debug</string>
			</dict>
			<key>E4B69B610A3A1757003C02F2</key>
			<dict>
				<key>baseConfigurationReference</key>
				<string>E4EB6923138AFD0F00A09F29</string>
				<key>buildSettings</key>
				<dict>
					<key>HEADER_SEARCH_PATHS</key>
					<array>
						<string>$(OF_CORE_HEADERS)</string>
						<string>src</string>
						<string>../../../../Documents/_gllm/of_git/openFrameworks/addons/ofxBasicSoundPlayer/libs</string>
						<string>../../../../Documents/_gllm/of_git/openFrameworks/addons/ofxBasicSoundPlayer/libs/libaudiodecoder</string>
						<string>../../../../Documents/_gllm/of_git/openFrameworks/addons/ofxBasicSoundPlayer/libs/libaudiodecoder/include</string>
						<string>../../../../Documents/_gllm/of_git/openFrameworks/addons/ofxBasicSoundPlayer/libs/libaudiodecoder/src</string>
						<string>../../../../Documents/_gllm/of_git/openFrameworks/addons/ofxBasicSoundPlayer/src</string>
						<string>../../../../Documents/_gllm/of_git/openFrameworks/addons/ofxGui/src</string>
						<string>../../../../Documents/_gllm/of_git/openFrameworks/addons/ofxOsc/libs</string>
						<string>../../../../Documents/_gllm/of_git/openFrameworks/addons/ofxOsc/libs/oscpack</string>
						<string>../../../../Documents/_gllm/of_git/openFrameworks/addons/ofxOsc/libs/oscpack/src</string>
						<string>../../../../Documents/_gllm/of_git/openFrameworks/addons/ofxOsc/libs/oscpack/src/ip</string>
						<string>../../../../Documents/_gllm/of_git/openFrameworks/addons/ofxOsc/libs/oscpack/src/ip/posix</string>
						<string>../../../../Documents/_gllm/of_git/openFrameworks/addons/ofxOsc/libs/oscpack/src/ip/win32</string>
						<string>../../../../Documents/_gllm/of_git/openFrameworks/addons/ofxOsc/libs/oscpack/src/osc</string>
						<string>../../../../Documents/_gllm/of_git/openFrameworks/addons/ofxOsc/src</string>
					</array>
					<key>COMBINE_HIDPI_IMAGES</key>
					<string>YES</string>
					<key>COPY_PHASE_STRIP</key>
					<string>YES</string>
					<key>FRAMEWORK_SEARCH_PATHS</key>
					<string>$(inherited)</string>
					<key>GCC_GENERATE_DEBUGGING_SYMBOLS</key>
					<string>YES</string>
					<key>GCC_MODEL_TUNING</key>
					<string>NONE</string>
					<key>ICON</key>
					<string>$(ICON_NAME_RELEASE)</string>
					<key>ICON_FILE</key>
					<string>$(ICON_FILE_PATH)$(ICON)</string>
					<key>INFOPLIST_FILE</key>
					<string>openFrameworks-Info.plist</string>
					<key>INSTALL_PATH</key>
					<string>/Applications</string>
					<key>LIBRARY_SEARCH_PATHS</key>
					<string>$(inherited)</string>
					<key>PRODUCT_NAME</key>
					<string>$(TARGET_NAME)</string>
					<key>WRAPPER_EXTENSION</key>
					<string>app</string>
					<key>baseConfigurationReference</key>
					<string>E4EB6923138AFD0F00A09F29</string>
				</dict>
				<key>isa</key>
				<string>XCBuildConfiguration</string>
				<key>name</key>
				<string>Release</string>
			</dict>
			<key>E4B69E1C0A3A1BDC003C02F2</key>
			<dict>
				<key>children</key>
				<array>
					<string>E4B69E1D0A3A1BDC003C02F2</string>
					<string>E4B69E1E0A3A1BDC003C02F2</string>
					<string>E4B69E1F0A3A1BDC003C02F2</string>
					<string>154E4C80A82194083019B3B9</string>
					<string>50C73E850129129E93940C06</string>
					<string>825804B7AF16A4475E10A2F7</string>
					<string>EA336781DA4DA20A51D936BC</string>
					<string>9C2C91477CC464B4F9855ABA</string>
					<string>75E62CA01735BC94E63671C8</string>
					<string>4DEBB079747DA86E5BD1D43A</string>
					<string>0B9F376027D93A90E945D900</string>
					<string>F6F93F8821E5F0B9D6DAF7A4</string>
					<string>668E0B8AC6BE51BB2B9A5800</string>
					<string>49777DA78499AB27D9C3DD25</string>
					<string>3770EEFFD44F35A955206FD9</string>
					<string>43D38D3D77A012A0772ABED7</string>
					<string>350866BC40140F388030B215</string>
					<string>988F2901EE6F79FD521FDA94</string>
					<string>BAF075E2DA9182CEE9EF4559</string>
					<string>22648FA2119E4EF8DCB19AB8</string>
					<string>90B5637F05B979135C93AAFC</string>
				</array>
				<key>isa</key>
				<string>PBXGroup</string>
				<key>path</key>
				<string>src</string>
				<key>sourceTree</key>
				<string>SOURCE_ROOT</string>
			</dict>
			<key>E4B69E1D0A3A1BDC003C02F2</key>
			<dict>
				<key>fileEncoding</key>
				<string>4</string>
				<key>isa</key>
				<string>PBXFileReference</string>
				<key>lastKnownFileType</key>
				<string>sourcecode.cpp.cpp</string>
				<key>name</key>
				<string>main.cpp</string>
				<key>path</key>
				<string>src/main.cpp</string>
				<key>sourceTree</key>
				<string>SOURCE_ROOT</string>
			</dict>
			<key>E4B69E1E0A3A1BDC003C02F2</key>
			<dict>
				<key>explicitFileType</key>
				<string>sourcecode.cpp.cpp</string>
				<key>fileEncoding</key>
				<string>4</string>
				<key>isa</key>
				<string>PBXFileReference</string>
				<key>name</key>
				<string>ofApp.cpp</string>
				<key>path</key>
				<string>src/ofApp.cpp</string>
				<key>sourceTree</key>
				<string>SOURCE_ROOT</string>
			</dict>
			<key>E4B69E1F0A3A1BDC003C02F2</key>
			<dict>
				<key>fileEncoding</key>
				<string>4</string>
				<key>isa</key>
				<string>PBXFileReference</string>
				<key>lastKnownFileType</key>
				<string>sourcecode.c.h</string>
				<key>name</key>
				<string>ofApp.h</string>
				<key>path</key>
				<string>src/ofApp.h</string>
				<key>sourceTree</key>
				<string>SOURCE_ROOT</string>
			</dict>
			<key>E4B69E200A3A1BDC003C02F2</key>
			<dict>
				<key>fileRef</key>
				<string>E4B69E1D0A3A1BDC003C02F2</string>
				<key>isa</key>
				<string>PBXBuildFile</string>
			</dict>
			<key>E4B69E210A3A1BDC003C02F2</key>
			<dict>
				<key>fileRef</key>
				<string>E4B69E1E0A3A1BDC003C02F2</string>
				<key>isa</key>
				<string>PBXBuildFile</string>
			</dict>
			<key>E4B6FCAD0C3E899E008CF71C</key>
			<dict>
				<key>fileEncoding</key>
				<string>4</string>
				<key>isa</key>
				<string>PBXFileReference</string>
				<key>lastKnownFileType</key>
				<string>text.plist.xml</string>
				<key>path</key>
				<string>openFrameworks-Info.plist</string>
				<key>sourceTree</key>
				<string>&lt;group&gt;</string>
			</dict>
			<key>E4B6FFFD0C3F9AB9008CF71C</key>
			<dict>
				<key>buildActionMask</key>
				<string>2147483647</string>
				<key>files</key>
				<array />
				<key>inputPaths</key>
				<array />
				<key>isa</key>
				<string>PBXShellScriptBuildPhase</string>
				<key>outputPaths</key>
				<array />
				<key>runOnlyForDeploymentPostprocessing</key>
				<string>0</string>
				<key>shellPath</key>
				<string>/bin/sh</string>
				<key>shellScript</key>
				<string>mkdir -p "$TARGET_BUILD_DIR/$PRODUCT_NAME.app/Contents/Resources/"
# Copy default icon file into App/Resources
rsync -aved "$ICON_FILE" "$TARGET_BUILD_DIR/$PRODUCT_NAME.app/Contents/Resources/"
# Copy libfmod and change install directory for fmod to run
rsync -aved "$OF_PATH/libs/fmodex/lib/osx/libfmodex.dylib" "$TARGET_BUILD_DIR/$PRODUCT_NAME.app/Contents/Frameworks/";
install_name_tool -change @executable_path/libfmodex.dylib @executable_path/../Frameworks/libfmodex.dylib "$TARGET_BUILD_DIR/$PRODUCT_NAME.app/Contents/MacOS/$PRODUCT_NAME";

echo "$GCC_PREPROCESSOR_DEFINITIONS";
</string>
			</dict>
			<key>E4C2427710CC5ABF004149E2</key>
			<dict>
				<key>buildActionMask</key>
				<string>2147483647</string>
				<key>dstPath</key>
				<string />
				<key>dstSubfolderSpec</key>
				<string>10</string>
				<key>files</key>
				<array />
				<key>isa</key>
				<string>PBXCopyFilesBuildPhase</string>
				<key>runOnlyForDeploymentPostprocessing</key>
				<string>0</string>
			</dict>
			<key>E4EB691F138AFCF100A09F29</key>
			<dict>
				<key>fileEncoding</key>
				<string>4</string>
				<key>isa</key>
				<string>PBXFileReference</string>
				<key>lastKnownFileType</key>
				<string>text.xcconfig</string>
				<key>name</key>
				<string>CoreOF.xcconfig</string>
				<key>path</key>
				<string>../../../../Documents/_gllm/of_git/openFrameworks/libs/openFrameworksCompiled/project/osx/CoreOF.xcconfig</string>
				<key>sourceTree</key>
				<string>SOURCE_ROOT</string>
			</dict>
			<key>E4EB6923138AFD0F00A09F29</key>
			<dict>
				<key>fileEncoding</key>
				<string>4</string>
				<key>isa</key>
				<string>PBXFileReference</string>
				<key>lastKnownFileType</key>
				<string>text.xcconfig</string>
				<key>path</key>
				<string>Project.xcconfig</string>
				<key>sourceTree</key>
				<string>&lt;group&gt;</string>
			</dict>
			<key>E4EEB9AB138B136A00A80321</key>
			<dict>
				<key>containerPortal</key>
				<string>E4328143138ABC890047C5CB</string>
				<key>isa</key>
				<string>PBXContainerItemProxy</string>
				<key>proxyType</key>
				<string>1</string>
				<key>remoteGlobalIDString</key>
				<string>E4B27C1410CBEB8E00536013</string>
				<key>remoteInfo</key>
				<string>openFrameworks</string>
			</dict>
			<key>E4EEB9AC138B136A00A80321</key>
			<dict>
				<key>isa</key>
				<string>PBXTargetDependency</string>
				<key>name</key>
				<string>openFrameworks</string>
				<key>targetProxy</key>
				<string>E4EEB9AB138B136A00A80321</string>
			</dict>
			<key>E4EEC9E9138DF44700A80321</key>
			<dict>
				<key>children</key>
				<array>
					<string>E4EB691F138AFCF100A09F29</string>
					<string>E4328143138ABC890047C5CB</string>
				</array>
				<key>isa</key>
				<string>PBXGroup</string>
				<key>name</key>
				<string>openFrameworks</string>
				<key>sourceTree</key>
				<string>&lt;group&gt;</string>
			</dict>
		</dict>
		<key>rootObject</key>
		<string>E4B69B4C0A3A1720003C02F2</string>
	</dict>
</plist>
