// !$*UTF8*$!
{
	archiveVersion = 1;
	classes = {
	};
	objectVersion = 46;
	objects = {

/* Begin PBXBuildFile section */
		04C57E361AA4881C8B186711 /* graphe.cpp in Sources */ = {isa = PBXBuildFile; fileRef = 49777DA78499AB27D9C3DD25 /* graphe.cpp */; };
		05EDA0B05222DFF256172F0E /* OscOutboundPacketStream.cpp in Sources */ = {isa = PBXBuildFile; fileRef = 4C3A06265797030181AAFC68 /* OscOutboundPacketStream.cpp */; };
		0843FEC0CC59AF14241BA7E4 /* interact.cpp in Sources */ = {isa = PBXBuildFile; fileRef = 43D38D3D77A012A0772ABED7 /* interact.cpp */; };
		08DB07E7E3F43428E533D7DD /* % in Sources */ = {isa = PBXBuildFile; fileRef = FE2DB15B06E504675EE721B3 /* % */; };
		140DF378292D9FFBDC23EC68 /* ofxOscParameterSync.cpp in Sources */ = {isa = PBXBuildFile; fileRef = 7A0D5AB530E319D1A7202D66 /* ofxOscParameterSync.cpp */; };
		1661F4F6EAEB38E9457E90F9 /* audiodecoderbase.cpp in Sources */ = {isa = PBXBuildFile; fileRef = 89152E19357AE4D38682E05A /* audiodecoderbase.cpp */; };
		1BB32C6F80F6A29EA53413F7 /* ofxSliderGroup.cpp in Sources */ = {isa = PBXBuildFile; fileRef = A6B571501C8EAE8BA5D37EDC /* ofxSliderGroup.cpp */; };
		2007BEDDFB21AE245C9E4852 /* ofxBasicSoundPlayer.cpp in Sources */ = {isa = PBXBuildFile; fileRef = A1096A6D54215BDC3093E285 /* ofxBasicSoundPlayer.cpp */; };
		20811A421575DCD338262EA4 /* OscTypes.cpp in Sources */ = {isa = PBXBuildFile; fileRef = 498668BD4AF840CCF76C3A5B /* OscTypes.cpp */; };
		30607750502DFBF37F1323BF /* OscReceivedElements.cpp in Sources */ = {isa = PBXBuildFile; fileRef = 64A5B963B374101E9CBEA540 /* OscReceivedElements.cpp */; };
		36A0E0709ADA4F6FC1CBC32D /* ofxBaseGui.cpp in Sources */ = {isa = PBXBuildFile; fileRef = C191F00A5599D23E19AF5CCE /* ofxBaseGui.cpp */; };
		3D386D8EF4A054A852CA7F4A /* ofxInputField.cpp in Sources */ = {isa = PBXBuildFile; fileRef = 6C8BBB776680DDA7A6DF57BD /* ofxInputField.cpp */; };
		478E57F1AFCE36A78368956C /* UdpSocket.cpp in Sources */ = {isa = PBXBuildFile; fileRef = C970F507F97912677872BEE5 /* UdpSocket.cpp */; };
		4B8345B1E748B5C9E20E2993 /* audiodecodercoreaudio.cpp in Sources */ = {isa = PBXBuildFile; fileRef = F3A46BE75978A2D15BBCD0A1 /* audiodecodercoreaudio.cpp */; };
		4D2880D8A132A871162BFD72 /* ofxOscMessage.cpp in Sources */ = {isa = PBXBuildFile; fileRef = 80DA25CFA9731CB5A5EB3F44 /* ofxOscMessage.cpp */; };
		4D59CDA8203350C800740F23 /* recall.cpp in Sources */ = {isa = PBXBuildFile; fileRef = 4D59CDA6203350C800740F23 /* recall.cpp */; };
		4D5B6A56D0C4B614A756A0C0 /* ofxGuiGroup.cpp in Sources */ = {isa = PBXBuildFile; fileRef = 1282AC8351E28B3593B965F4 /* ofxGuiGroup.cpp */; };
		6048AFEC5307B2D7D07F1628 /* camera_ctl.cpp in Sources */ = {isa = PBXBuildFile; fileRef = 9C2C91477CC464B4F9855ABA /* camera_ctl.cpp */; };
		61004B935274C265D5750078 /* ofxSoundFile.cpp in Sources */ = {isa = PBXBuildFile; fileRef = 2ED5317000B69CAA8230801F /* ofxSoundFile.cpp */; };
		67824E3B15263A02C4AFE7B1 /* ofxToggle.cpp in Sources */ = {isa = PBXBuildFile; fileRef = C4949C7AB1178F1059874CD7 /* ofxToggle.cpp */; };
		7A9EE89FA6A7CF163B0F8F93 /* OscPrintReceivedElements.cpp in Sources */ = {isa = PBXBuildFile; fileRef = 391FF522B4C2617F661E9AB4 /* OscPrintReceivedElements.cpp */; };
		7FB198637580CBF3262529ED /* ofxLabel.cpp in Sources */ = {isa = PBXBuildFile; fileRef = BC4E8363D51E2A65183C2B9B /* ofxLabel.cpp */; };
		86259B44D5498FE1C1F73CAF /* ofxPanel.cpp in Sources */ = {isa = PBXBuildFile; fileRef = A4CA2AFBA687928C5F2D24F4 /* ofxPanel.cpp */; };
		A1119F3325DF01E04330F424 /* ofxOscBundle.cpp in Sources */ = {isa = PBXBuildFile; fileRef = 171F213E8B2FE41A1FB2BED3 /* ofxOscBundle.cpp */; };
		A9D54DFF4E172FCBBBF53B37 /* ofxColorPicker.cpp in Sources */ = {isa = PBXBuildFile; fileRef = 005593CFB3DD45E6EFFC1820 /* ofxColorPicker.cpp */; };
		AB5CF855E7D0386EFD26C5B1 /* audio_io.cpp in Sources */ = {isa = PBXBuildFile; fileRef = 154E4C80A82194083019B3B9 /* audio_io.cpp */; };
		AE6AC5D865623D951730C6A0 /* presets.cpp in Sources */ = {isa = PBXBuildFile; fileRef = 988F2901EE6F79FD521FDA94 /* presets.cpp */; };
		B0204C70B47C06384E3C5A7B /* feedback.cpp in Sources */ = {isa = PBXBuildFile; fileRef = F6F93F8821E5F0B9D6DAF7A4 /* feedback.cpp */; };
		B2DB9B60C4E4570CBDC2C676 /* audio_sampler.cpp in Sources */ = {isa = PBXBuildFile; fileRef = 825804B7AF16A4475E10A2F7 /* audio_sampler.cpp */; };
		BC3E644444EF8CF10C0BEDA0 /* IpEndpointName.cpp in Sources */ = {isa = PBXBuildFile; fileRef = D45B79F4DA0B22ACAEC4EDA8 /* IpEndpointName.cpp */; };
		C0F3BB4B95A35684ADEA1612 /* NetworkingUtils.cpp in Sources */ = {isa = PBXBuildFile; fileRef = 3AE668BDD68E9523B972F064 /* NetworkingUtils.cpp */; };
		C73E4766FE44487D959DF707 /* ofxSlider.cpp in Sources */ = {isa = PBXBuildFile; fileRef = C0C1B4688951A71B1A385956 /* ofxSlider.cpp */; };
		E4328149138ABC9F0047C5CB /* openFrameworksDebug.a in Frameworks */ = {isa = PBXBuildFile; fileRef = E4328148138ABC890047C5CB /* openFrameworksDebug.a */; };
		E4B69E200A3A1BDC003C02F2 /* main.cpp in Sources */ = {isa = PBXBuildFile; fileRef = E4B69E1D0A3A1BDC003C02F2 /* main.cpp */; };
		E4B69E210A3A1BDC003C02F2 /* ofApp.cpp in Sources */ = {isa = PBXBuildFile; fileRef = E4B69E1E0A3A1BDC003C02F2 /* ofApp.cpp */; };
		F282484F3DCAB25B1BB59B19 /* ofxOscSender.cpp in Sources */ = {isa = PBXBuildFile; fileRef = 788945B9C609506B7CB71187 /* ofxOscSender.cpp */; };
		F499984A6523DA7DCCF9686E /* ofxOscReceiver.cpp in Sources */ = {isa = PBXBuildFile; fileRef = D8679C7183B22E1479C24192 /* ofxOscReceiver.cpp */; };
		F4F0CB38543223D0AA97190F /* ofxButton.cpp in Sources */ = {isa = PBXBuildFile; fileRef = 89015177B8BFBCB10055AC45 /* ofxButton.cpp */; };
/* End PBXBuildFile section */

/* Begin PBXContainerItemProxy section */
		E4328147138ABC890047C5CB /* PBXContainerItemProxy */ = {
			isa = PBXContainerItemProxy;
			containerPortal = E4328143138ABC890047C5CB /* openFrameworksLib.xcodeproj */;
			proxyType = 2;
			remoteGlobalIDString = E4B27C1510CBEB8E00536013;
			remoteInfo = openFrameworks;
		};
		E4EEB9AB138B136A00A80321 /* PBXContainerItemProxy */ = {
			isa = PBXContainerItemProxy;
			containerPortal = E4328143138ABC890047C5CB /* openFrameworksLib.xcodeproj */;
			proxyType = 1;
			remoteGlobalIDString = E4B27C1410CBEB8E00536013;
			remoteInfo = openFrameworks;
		};
/* End PBXContainerItemProxy section */

/* Begin PBXCopyFilesBuildPhase section */
		E4C2427710CC5ABF004149E2 /* CopyFiles */ = {
			isa = PBXCopyFilesBuildPhase;
			buildActionMask = 2147483647;
			dstPath = "";
			dstSubfolderSpec = 10;
			files = (
			);
			runOnlyForDeploymentPostprocessing = 0;
		};
/* End PBXCopyFilesBuildPhase section */

/* Begin PBXFileReference section */
		005593CFB3DD45E6EFFC1820 /* ofxColorPicker.cpp */ = {isa = PBXFileReference; explicitFileType = sourcecode.cpp.cpp; fileEncoding = 4; name = ofxColorPicker.cpp; path = ../../../../Documents/_gllm/of_git/of_v20180202_osx_release/addons/ofxGui/src/ofxColorPicker.cpp; sourceTree = SOURCE_ROOT; };
		0A4D61A251EEC04363E991EA /* ofxOscMessage.h */ = {isa = PBXFileReference; explicitFileType = sourcecode.c.h; fileEncoding = 4; name = ofxOscMessage.h; path = ../../../../Documents/_gllm/of_git/of_v20180202_osx_release/addons/ofxOsc/src/ofxOscMessage.h; sourceTree = SOURCE_ROOT; };
		1282AC8351E28B3593B965F4 /* ofxGuiGroup.cpp */ = {isa = PBXFileReference; explicitFileType = sourcecode.cpp.cpp; fileEncoding = 4; name = ofxGuiGroup.cpp; path = ../../../../Documents/_gllm/of_git/of_v20180202_osx_release/addons/ofxGui/src/ofxGuiGroup.cpp; sourceTree = SOURCE_ROOT; };
		154E4C80A82194083019B3B9 /* audio_io.cpp */ = {isa = PBXFileReference; explicitFileType = sourcecode.cpp.cpp; fileEncoding = 4; name = audio_io.cpp; path = src/audio_io.cpp; sourceTree = SOURCE_ROOT; };
		171F213E8B2FE41A1FB2BED3 /* ofxOscBundle.cpp */ = {isa = PBXFileReference; explicitFileType = sourcecode.cpp.cpp; fileEncoding = 4; name = ofxOscBundle.cpp; path = ../../../../Documents/_gllm/of_git/of_v20180202_osx_release/addons/ofxOsc/src/ofxOscBundle.cpp; sourceTree = SOURCE_ROOT; };
		23949D9EBFAF7705C7239A9B /* ofxPanel.h */ = {isa = PBXFileReference; explicitFileType = sourcecode.c.h; fileEncoding = 4; name = ofxPanel.h; path = ../../../../Documents/_gllm/of_git/of_v20180202_osx_release/addons/ofxGui/src/ofxPanel.h; sourceTree = SOURCE_ROOT; };
		2B1FF66E9970B3C15BE411A2 /* CADebugMacros.h */ = {isa = PBXFileReference; explicitFileType = sourcecode.c.h; fileEncoding = 4; name = CADebugMacros.h; path = ../../../../Documents/_gllm/of_git/of_v20180202_osx_release/addons/ofxBasicSoundPlayer/libs/libaudiodecoder/include/apple/CADebugMacros.h; sourceTree = SOURCE_ROOT; };
		2ED5317000B69CAA8230801F /* ofxSoundFile.cpp */ = {isa = PBXFileReference; explicitFileType = sourcecode.cpp.cpp; fileEncoding = 4; name = ofxSoundFile.cpp; path = ../../../../Documents/_gllm/of_git/of_v20180202_osx_release/addons/ofxBasicSoundPlayer/src/ofxSoundFile.cpp; sourceTree = SOURCE_ROOT; };
		2F72CA3E7F0CF1A211E577EF /* ofxColorPicker.h */ = {isa = PBXFileReference; explicitFileType = sourcecode.c.h; fileEncoding = 4; name = ofxColorPicker.h; path = ../../../../Documents/_gllm/of_git/of_v20180202_osx_release/addons/ofxGui/src/ofxColorPicker.h; sourceTree = SOURCE_ROOT; };
		33AB075A19A4D4CD667ED74A /* ofxGuiGroup.h */ = {isa = PBXFileReference; explicitFileType = sourcecode.c.h; fileEncoding = 4; name = ofxGuiGroup.h; path = ../../../../Documents/_gllm/of_git/of_v20180202_osx_release/addons/ofxGui/src/ofxGuiGroup.h; sourceTree = SOURCE_ROOT; };
		350866BC40140F388030B215 /* interact.hpp */ = {isa = PBXFileReference; explicitFileType = sourcecode.c.h; fileEncoding = 4; name = interact.hpp; path = src/interact.hpp; sourceTree = SOURCE_ROOT; };
		3653FB9200EFBF15B3A82B84 /* MessageMappingOscPacketListener.h */ = {isa = PBXFileReference; explicitFileType = sourcecode.c.h; fileEncoding = 4; name = MessageMappingOscPacketListener.h; path = ../../../../Documents/_gllm/of_git/of_v20180202_osx_release/addons/ofxOsc/libs/oscpack/src/osc/MessageMappingOscPacketListener.h; sourceTree = SOURCE_ROOT; };
		3770EEFFD44F35A955206FD9 /* graphe.hpp */ = {isa = PBXFileReference; explicitFileType = sourcecode.c.h; fileEncoding = 4; name = graphe.hpp; path = src/graphe.hpp; sourceTree = SOURCE_ROOT; };
		391FF522B4C2617F661E9AB4 /* OscPrintReceivedElements.cpp */ = {isa = PBXFileReference; explicitFileType = sourcecode.cpp.cpp; fileEncoding = 4; name = OscPrintReceivedElements.cpp; path = ../../../../Documents/_gllm/of_git/of_v20180202_osx_release/addons/ofxOsc/libs/oscpack/src/osc/OscPrintReceivedElements.cpp; sourceTree = SOURCE_ROOT; };
		3AE668BDD68E9523B972F064 /* NetworkingUtils.cpp */ = {isa = PBXFileReference; explicitFileType = sourcecode.cpp.cpp; fileEncoding = 4; name = NetworkingUtils.cpp; path = ../../../../Documents/_gllm/of_git/of_v20180202_osx_release/addons/ofxOsc/libs/oscpack/src/ip/posix/NetworkingUtils.cpp; sourceTree = SOURCE_ROOT; };
		3D88EE91E18A2BD893A039B9 /* OscTypes.h */ = {isa = PBXFileReference; explicitFileType = sourcecode.c.h; fileEncoding = 4; name = OscTypes.h; path = ../../../../Documents/_gllm/of_git/of_v20180202_osx_release/addons/ofxOsc/libs/oscpack/src/osc/OscTypes.h; sourceTree = SOURCE_ROOT; };
		43D38D3D77A012A0772ABED7 /* interact.cpp */ = {isa = PBXFileReference; explicitFileType = sourcecode.cpp.cpp; fileEncoding = 4; name = interact.cpp; path = src/interact.cpp; sourceTree = SOURCE_ROOT; };
		49777DA78499AB27D9C3DD25 /* graphe.cpp */ = {isa = PBXFileReference; explicitFileType = sourcecode.cpp.cpp; fileEncoding = 4; name = graphe.cpp; path = src/graphe.cpp; sourceTree = SOURCE_ROOT; };
		498668BD4AF840CCF76C3A5B /* OscTypes.cpp */ = {isa = PBXFileReference; explicitFileType = sourcecode.cpp.cpp; fileEncoding = 4; name = OscTypes.cpp; path = ../../../../Documents/_gllm/of_git/of_v20180202_osx_release/addons/ofxOsc/libs/oscpack/src/osc/OscTypes.cpp; sourceTree = SOURCE_ROOT; };
		4A3631C794A7EA8C0D7B2DEF /* ofxOscReceiver.h */ = {isa = PBXFileReference; explicitFileType = sourcecode.c.h; fileEncoding = 4; name = ofxOscReceiver.h; path = ../../../../Documents/_gllm/of_git/of_v20180202_osx_release/addons/ofxOsc/src/ofxOscReceiver.h; sourceTree = SOURCE_ROOT; };
		4C3A06265797030181AAFC68 /* OscOutboundPacketStream.cpp */ = {isa = PBXFileReference; explicitFileType = sourcecode.cpp.cpp; fileEncoding = 4; name = OscOutboundPacketStream.cpp; path = ../../../../Documents/_gllm/of_git/of_v20180202_osx_release/addons/ofxOsc/libs/oscpack/src/osc/OscOutboundPacketStream.cpp; sourceTree = SOURCE_ROOT; };
		4D59CDA6203350C800740F23 /* recall.cpp */ = {isa = PBXFileReference; fileEncoding = 4; lastKnownFileType = sourcecode.cpp.cpp; path = recall.cpp; sourceTree = "<group>"; };
		4D59CDA7203350C800740F23 /* recall.hpp */ = {isa = PBXFileReference; fileEncoding = 4; lastKnownFileType = sourcecode.cpp.h; path = recall.hpp; sourceTree = "<group>"; };
		4DEE9B1B6CD9377692F220FF /* PacketListener.h */ = {isa = PBXFileReference; explicitFileType = sourcecode.c.h; fileEncoding = 4; name = PacketListener.h; path = ../../../../Documents/_gllm/of_git/of_v20180202_osx_release/addons/ofxOsc/libs/oscpack/src/ip/PacketListener.h; sourceTree = SOURCE_ROOT; };
		4E4A3D37C63C77456CBFF547 /* ofxInputField.h */ = {isa = PBXFileReference; explicitFileType = sourcecode.c.h; fileEncoding = 4; name = ofxInputField.h; path = ../../../../Documents/_gllm/of_git/of_v20180202_osx_release/addons/ofxGui/src/ofxInputField.h; sourceTree = SOURCE_ROOT; };
		50C73E850129129E93940C06 /* audio_io.hpp */ = {isa = PBXFileReference; explicitFileType = sourcecode.c.h; fileEncoding = 4; name = audio_io.hpp; path = src/audio_io.hpp; sourceTree = SOURCE_ROOT; };
		64A5B963B374101E9CBEA540 /* OscReceivedElements.cpp */ = {isa = PBXFileReference; explicitFileType = sourcecode.cpp.cpp; fileEncoding = 4; name = OscReceivedElements.cpp; path = ../../../../Documents/_gllm/of_git/of_v20180202_osx_release/addons/ofxOsc/libs/oscpack/src/osc/OscReceivedElements.cpp; sourceTree = SOURCE_ROOT; };
		668E0B8AC6BE51BB2B9A5800 /* feedback.hpp */ = {isa = PBXFileReference; explicitFileType = sourcecode.c.h; fileEncoding = 4; name = feedback.hpp; path = src/feedback.hpp; sourceTree = SOURCE_ROOT; };
		6C8BBB776680DDA7A6DF57BD /* ofxInputField.cpp */ = {isa = PBXFileReference; explicitFileType = sourcecode.cpp.cpp; fileEncoding = 4; name = ofxInputField.cpp; path = ../../../../Documents/_gllm/of_git/of_v20180202_osx_release/addons/ofxGui/src/ofxInputField.cpp; sourceTree = SOURCE_ROOT; };
		75E62CA01735BC94E63671C8 /* camera_ctl.hpp */ = {isa = PBXFileReference; explicitFileType = sourcecode.c.h; fileEncoding = 4; name = camera_ctl.hpp; path = src/camera_ctl.hpp; sourceTree = SOURCE_ROOT; };
		788945B9C609506B7CB71187 /* ofxOscSender.cpp */ = {isa = PBXFileReference; explicitFileType = sourcecode.cpp.cpp; fileEncoding = 4; name = ofxOscSender.cpp; path = ../../../../Documents/_gllm/of_git/of_v20180202_osx_release/addons/ofxOsc/src/ofxOscSender.cpp; sourceTree = SOURCE_ROOT; };
		7A0D5AB530E319D1A7202D66 /* ofxOscParameterSync.cpp */ = {isa = PBXFileReference; explicitFileType = sourcecode.cpp.cpp; fileEncoding = 4; name = ofxOscParameterSync.cpp; path = ../../../../Documents/_gllm/of_git/of_v20180202_osx_release/addons/ofxOsc/src/ofxOscParameterSync.cpp; sourceTree = SOURCE_ROOT; };
		80DA25CFA9731CB5A5EB3F44 /* ofxOscMessage.cpp */ = {isa = PBXFileReference; explicitFileType = sourcecode.cpp.cpp; fileEncoding = 4; name = ofxOscMessage.cpp; path = ../../../../Documents/_gllm/of_git/of_v20180202_osx_release/addons/ofxOsc/src/ofxOscMessage.cpp; sourceTree = SOURCE_ROOT; };
		825804B7AF16A4475E10A2F7 /* audio_sampler.cpp */ = {isa = PBXFileReference; explicitFileType = sourcecode.cpp.cpp; fileEncoding = 4; name = audio_sampler.cpp; path = src/audio_sampler.cpp; sourceTree = SOURCE_ROOT; };
		8737AB6FEF11F03D3F477958 /* TimerListener.h */ = {isa = PBXFileReference; explicitFileType = sourcecode.c.h; fileEncoding = 4; name = TimerListener.h; path = ../../../../Documents/_gllm/of_git/of_v20180202_osx_release/addons/ofxOsc/libs/oscpack/src/ip/TimerListener.h; sourceTree = SOURCE_ROOT; };
		87504E9CA6D579111369DD2A /* IpEndpointName.h */ = {isa = PBXFileReference; explicitFileType = sourcecode.c.h; fileEncoding = 4; name = IpEndpointName.h; path = ../../../../Documents/_gllm/of_git/of_v20180202_osx_release/addons/ofxOsc/libs/oscpack/src/ip/IpEndpointName.h; sourceTree = SOURCE_ROOT; };
		89015177B8BFBCB10055AC45 /* ofxButton.cpp */ = {isa = PBXFileReference; explicitFileType = sourcecode.cpp.cpp; fileEncoding = 4; name = ofxButton.cpp; path = ../../../../Documents/_gllm/of_git/of_v20180202_osx_release/addons/ofxGui/src/ofxButton.cpp; sourceTree = SOURCE_ROOT; };
		89152E19357AE4D38682E05A /* audiodecoderbase.cpp */ = {isa = PBXFileReference; explicitFileType = sourcecode.cpp.cpp; fileEncoding = 4; name = audiodecoderbase.cpp; path = ../../../../Documents/_gllm/of_git/of_v20180202_osx_release/addons/ofxBasicSoundPlayer/libs/libaudiodecoder/src/audiodecoderbase.cpp; sourceTree = SOURCE_ROOT; };
		8C741E9A869A45C3FCF9D67B /* audiodecodercoreaudio.h */ = {isa = PBXFileReference; explicitFileType = sourcecode.c.h; fileEncoding = 4; name = audiodecodercoreaudio.h; path = ../../../../Documents/_gllm/of_git/of_v20180202_osx_release/addons/ofxBasicSoundPlayer/libs/libaudiodecoder/include/audiodecodercoreaudio.h; sourceTree = SOURCE_ROOT; };
		941967DEA0A05B62088FB3F3 /* ofxLabel.h */ = {isa = PBXFileReference; explicitFileType = sourcecode.c.h; fileEncoding = 4; name = ofxLabel.h; path = ../../../../Documents/_gllm/of_git/of_v20180202_osx_release/addons/ofxGui/src/ofxLabel.h; sourceTree = SOURCE_ROOT; };
		988F2901EE6F79FD521FDA94 /* presets.cpp */ = {isa = PBXFileReference; explicitFileType = sourcecode.cpp.cpp; fileEncoding = 4; name = presets.cpp; path = src/presets.cpp; sourceTree = SOURCE_ROOT; };
		9BF868BF2A1DA536E341CA5B /* audiodecoderbase.h */ = {isa = PBXFileReference; explicitFileType = sourcecode.c.h; fileEncoding = 4; name = audiodecoderbase.h; path = ../../../../Documents/_gllm/of_git/of_v20180202_osx_release/addons/ofxBasicSoundPlayer/libs/libaudiodecoder/include/audiodecoderbase.h; sourceTree = SOURCE_ROOT; };
		9C2C91477CC464B4F9855ABA /* camera_ctl.cpp */ = {isa = PBXFileReference; explicitFileType = sourcecode.cpp.cpp; fileEncoding = 4; name = camera_ctl.cpp; path = src/camera_ctl.cpp; sourceTree = SOURCE_ROOT; };
		A1096A6D54215BDC3093E285 /* ofxBasicSoundPlayer.cpp */ = {isa = PBXFileReference; explicitFileType = sourcecode.cpp.cpp; fileEncoding = 4; name = ofxBasicSoundPlayer.cpp; path = ../../../../Documents/_gllm/of_git/of_v20180202_osx_release/addons/ofxBasicSoundPlayer/src/ofxBasicSoundPlayer.cpp; sourceTree = SOURCE_ROOT; };
		A4CA2AFBA687928C5F2D24F4 /* ofxPanel.cpp */ = {isa = PBXFileReference; explicitFileType = sourcecode.cpp.cpp; fileEncoding = 4; name = ofxPanel.cpp; path = ../../../../Documents/_gllm/of_git/of_v20180202_osx_release/addons/ofxGui/src/ofxPanel.cpp; sourceTree = SOURCE_ROOT; };
		A6B571501C8EAE8BA5D37EDC /* ofxSliderGroup.cpp */ = {isa = PBXFileReference; explicitFileType = sourcecode.cpp.cpp; fileEncoding = 4; name = ofxSliderGroup.cpp; path = ../../../../Documents/_gllm/of_git/of_v20180202_osx_release/addons/ofxGui/src/ofxSliderGroup.cpp; sourceTree = SOURCE_ROOT; };
		AE30D5C4500B8A0EE9349B2D /* ofxOscSender.h */ = {isa = PBXFileReference; explicitFileType = sourcecode.c.h; fileEncoding = 4; name = ofxOscSender.h; path = ../../../../Documents/_gllm/of_git/of_v20180202_osx_release/addons/ofxOsc/src/ofxOscSender.h; sourceTree = SOURCE_ROOT; };
		B6B95D0C9DFB9435976E43E7 /* ofxBasicSoundPlayer.h */ = {isa = PBXFileReference; explicitFileType = sourcecode.c.h; fileEncoding = 4; name = ofxBasicSoundPlayer.h; path = ../../../../Documents/_gllm/of_git/of_v20180202_osx_release/addons/ofxBasicSoundPlayer/src/ofxBasicSoundPlayer.h; sourceTree = SOURCE_ROOT; };
		B75253519192A1709371B89E /* ofxSliderGroup.h */ = {isa = PBXFileReference; explicitFileType = sourcecode.c.h; fileEncoding = 4; name = ofxSliderGroup.h; path = ../../../../Documents/_gllm/of_git/of_v20180202_osx_release/addons/ofxGui/src/ofxSliderGroup.h; sourceTree = SOURCE_ROOT; };
		BAF075E2DA9182CEE9EF4559 /* presets.hpp */ = {isa = PBXFileReference; explicitFileType = sourcecode.c.h; fileEncoding = 4; name = presets.hpp; path = src/presets.hpp; sourceTree = SOURCE_ROOT; };
		BC4E8363D51E2A65183C2B9B /* ofxLabel.cpp */ = {isa = PBXFileReference; explicitFileType = sourcecode.cpp.cpp; fileEncoding = 4; name = ofxLabel.cpp; path = ../../../../Documents/_gllm/of_git/of_v20180202_osx_release/addons/ofxGui/src/ofxLabel.cpp; sourceTree = SOURCE_ROOT; };
		C0C1B4688951A71B1A385956 /* ofxSlider.cpp */ = {isa = PBXFileReference; explicitFileType = sourcecode.cpp.cpp; fileEncoding = 4; name = ofxSlider.cpp; path = ../../../../Documents/_gllm/of_git/of_v20180202_osx_release/addons/ofxGui/src/ofxSlider.cpp; sourceTree = SOURCE_ROOT; };
		C191F00A5599D23E19AF5CCE /* ofxBaseGui.cpp */ = {isa = PBXFileReference; explicitFileType = sourcecode.cpp.cpp; fileEncoding = 4; name = ofxBaseGui.cpp; path = ../../../../Documents/_gllm/of_git/of_v20180202_osx_release/addons/ofxGui/src/ofxBaseGui.cpp; sourceTree = SOURCE_ROOT; };
		C41724F5734901A36AC75366 /* OscPacketListener.h */ = {isa = PBXFileReference; explicitFileType = sourcecode.c.h; fileEncoding = 4; name = OscPacketListener.h; path = ../../../../Documents/_gllm/of_git/of_v20180202_osx_release/addons/ofxOsc/libs/oscpack/src/osc/OscPacketListener.h; sourceTree = SOURCE_ROOT; };
		C4949C7AB1178F1059874CD7 /* ofxToggle.cpp */ = {isa = PBXFileReference; explicitFileType = sourcecode.cpp.cpp; fileEncoding = 4; name = ofxToggle.cpp; path = ../../../../Documents/_gllm/of_git/of_v20180202_osx_release/addons/ofxGui/src/ofxToggle.cpp; sourceTree = SOURCE_ROOT; };
		C9641292AE4F681AE362757D /* OscException.h */ = {isa = PBXFileReference; explicitFileType = sourcecode.c.h; fileEncoding = 4; name = OscException.h; path = ../../../../Documents/_gllm/of_git/of_v20180202_osx_release/addons/ofxOsc/libs/oscpack/src/osc/OscException.h; sourceTree = SOURCE_ROOT; };
		C970F507F97912677872BEE5 /* UdpSocket.cpp */ = {isa = PBXFileReference; explicitFileType = sourcecode.cpp.cpp; fileEncoding = 4; name = UdpSocket.cpp; path = ../../../../Documents/_gllm/of_git/of_v20180202_osx_release/addons/ofxOsc/libs/oscpack/src/ip/posix/UdpSocket.cpp; sourceTree = SOURCE_ROOT; };
		CC5E0BE8A22A2E697B2E6E3E /* ofxOscParameterSync.h */ = {isa = PBXFileReference; explicitFileType = sourcecode.c.h; fileEncoding = 4; name = ofxOscParameterSync.h; path = ../../../../Documents/_gllm/of_git/of_v20180202_osx_release/addons/ofxOsc/src/ofxOscParameterSync.h; sourceTree = SOURCE_ROOT; };
		CD85C6D5C3B2CC93BF26C8D8 /* OscHostEndianness.h */ = {isa = PBXFileReference; explicitFileType = sourcecode.c.h; fileEncoding = 4; name = OscHostEndianness.h; path = ../../../../Documents/_gllm/of_git/of_v20180202_osx_release/addons/ofxOsc/libs/oscpack/src/osc/OscHostEndianness.h; sourceTree = SOURCE_ROOT; };
		CE8245FAE88FA598FED8075F /* ofxOscBundle.h */ = {isa = PBXFileReference; explicitFileType = sourcecode.c.h; fileEncoding = 4; name = ofxOscBundle.h; path = ../../../../Documents/_gllm/of_git/of_v20180202_osx_release/addons/ofxOsc/src/ofxOscBundle.h; sourceTree = SOURCE_ROOT; };
		CF8272926F26ABBAE61D3DF6 /* OscPrintReceivedElements.h */ = {isa = PBXFileReference; explicitFileType = sourcecode.c.h; fileEncoding = 4; name = OscPrintReceivedElements.h; path = ../../../../Documents/_gllm/of_git/of_v20180202_osx_release/addons/ofxOsc/libs/oscpack/src/osc/OscPrintReceivedElements.h; sourceTree = SOURCE_ROOT; };
		D0251BADB3ACA854172B312B /* ofxOscArg.h */ = {isa = PBXFileReference; explicitFileType = sourcecode.c.h; fileEncoding = 4; name = ofxOscArg.h; path = ../../../../Documents/_gllm/of_git/of_v20180202_osx_release/addons/ofxOsc/src/ofxOscArg.h; sourceTree = SOURCE_ROOT; };
		D1813F7CB21AF8687692FE45 /* NetworkingUtils.h */ = {isa = PBXFileReference; explicitFileType = sourcecode.c.h; fileEncoding = 4; name = NetworkingUtils.h; path = ../../../../Documents/_gllm/of_git/of_v20180202_osx_release/addons/ofxOsc/libs/oscpack/src/ip/NetworkingUtils.h; sourceTree = SOURCE_ROOT; };
		D45B79F4DA0B22ACAEC4EDA8 /* IpEndpointName.cpp */ = {isa = PBXFileReference; explicitFileType = sourcecode.cpp.cpp; fileEncoding = 4; name = IpEndpointName.cpp; path = ../../../../Documents/_gllm/of_git/of_v20180202_osx_release/addons/ofxOsc/libs/oscpack/src/ip/IpEndpointName.cpp; sourceTree = SOURCE_ROOT; };
		D4EC8DDFD6CBBC10B8418B68 /* ofxBaseGui.h */ = {isa = PBXFileReference; explicitFileType = sourcecode.c.h; fileEncoding = 4; name = ofxBaseGui.h; path = ../../../../Documents/_gllm/of_git/of_v20180202_osx_release/addons/ofxGui/src/ofxBaseGui.h; sourceTree = SOURCE_ROOT; };
		D8679C7183B22E1479C24192 /* ofxOscReceiver.cpp */ = {isa = PBXFileReference; explicitFileType = sourcecode.cpp.cpp; fileEncoding = 4; name = ofxOscReceiver.cpp; path = ../../../../Documents/_gllm/of_git/of_v20180202_osx_release/addons/ofxOsc/src/ofxOscReceiver.cpp; sourceTree = SOURCE_ROOT; };
		D93075FF7DFA26389DB7CC03 /* OscOutboundPacketStream.h */ = {isa = PBXFileReference; explicitFileType = sourcecode.c.h; fileEncoding = 4; name = OscOutboundPacketStream.h; path = ../../../../Documents/_gllm/of_git/of_v20180202_osx_release/addons/ofxOsc/libs/oscpack/src/osc/OscOutboundPacketStream.h; sourceTree = SOURCE_ROOT; };
		D9552C78B83ED39E2F70A30D /* ofxSoundFile.h */ = {isa = PBXFileReference; explicitFileType = sourcecode.c.h; fileEncoding = 4; name = ofxSoundFile.h; path = ../../../../Documents/_gllm/of_git/of_v20180202_osx_release/addons/ofxBasicSoundPlayer/src/ofxSoundFile.h; sourceTree = SOURCE_ROOT; };
		DBB9F5126ECCFE0FFC093351 /* ofxGui.h */ = {isa = PBXFileReference; explicitFileType = sourcecode.c.h; fileEncoding = 4; name = ofxGui.h; path = ../../../../Documents/_gllm/of_git/of_v20180202_osx_release/addons/ofxGui/src/ofxGui.h; sourceTree = SOURCE_ROOT; };
		E4328143138ABC890047C5CB /* openFrameworksLib.xcodeproj */ = {isa = PBXFileReference; lastKnownFileType = "wrapper.pb-project"; name = openFrameworksLib.xcodeproj; path = ../../../../Documents/_gllm/of_git/of_v20180202_osx_release/libs/openFrameworksCompiled/project/osx/openFrameworksLib.xcodeproj; sourceTree = SOURCE_ROOT; };
		E4B69B5B0A3A1756003C02F2 /* oscillographeDebug.app */ = {isa = PBXFileReference; explicitFileType = wrapper.application; includeInIndex = 0; path = oscillographeDebug.app; sourceTree = BUILT_PRODUCTS_DIR; };
		E4B69E1D0A3A1BDC003C02F2 /* main.cpp */ = {isa = PBXFileReference; fileEncoding = 4; lastKnownFileType = sourcecode.cpp.cpp; name = main.cpp; path = src/main.cpp; sourceTree = SOURCE_ROOT; };
		E4B69E1E0A3A1BDC003C02F2 /* ofApp.cpp */ = {isa = PBXFileReference; explicitFileType = sourcecode.cpp.cpp; fileEncoding = 4; name = ofApp.cpp; path = src/ofApp.cpp; sourceTree = SOURCE_ROOT; };
		E4B69E1F0A3A1BDC003C02F2 /* ofApp.h */ = {isa = PBXFileReference; fileEncoding = 4; lastKnownFileType = sourcecode.c.h; name = ofApp.h; path = src/ofApp.h; sourceTree = SOURCE_ROOT; };
		E4B6FCAD0C3E899E008CF71C /* openFrameworks-Info.plist */ = {isa = PBXFileReference; fileEncoding = 4; lastKnownFileType = text.plist.xml; path = "openFrameworks-Info.plist"; sourceTree = "<group>"; };
		E4EB691F138AFCF100A09F29 /* CoreOF.xcconfig */ = {isa = PBXFileReference; fileEncoding = 4; lastKnownFileType = text.xcconfig; name = CoreOF.xcconfig; path = ../../../../Documents/_gllm/of_git/of_v20180202_osx_release/libs/openFrameworksCompiled/project/osx/CoreOF.xcconfig; sourceTree = SOURCE_ROOT; };
		E4EB6923138AFD0F00A09F29 /* Project.xcconfig */ = {isa = PBXFileReference; fileEncoding = 4; lastKnownFileType = text.xcconfig; path = Project.xcconfig; sourceTree = "<group>"; };
		E5F0DCD9847B0B695619DD16 /* ofxSlider.h */ = {isa = PBXFileReference; explicitFileType = sourcecode.c.h; fileEncoding = 4; name = ofxSlider.h; path = ../../../../Documents/_gllm/of_git/of_v20180202_osx_release/addons/ofxGui/src/ofxSlider.h; sourceTree = SOURCE_ROOT; };
		EA336781DA4DA20A51D936BC /* audio_sampler.hpp */ = {isa = PBXFileReference; explicitFileType = sourcecode.c.h; fileEncoding = 4; name = audio_sampler.hpp; path = src/audio_sampler.hpp; sourceTree = SOURCE_ROOT; };
		EA5C67231BC6794FFBF75F7B /* ofxOsc.h */ = {isa = PBXFileReference; explicitFileType = sourcecode.c.h; fileEncoding = 4; name = ofxOsc.h; path = ../../../../Documents/_gllm/of_git/of_v20180202_osx_release/addons/ofxOsc/src/ofxOsc.h; sourceTree = SOURCE_ROOT; };
		EB95708C6C7CA5F4AE3FC904 /* CAStreamBasicDescription.h */ = {isa = PBXFileReference; explicitFileType = sourcecode.c.h; fileEncoding = 4; name = CAStreamBasicDescription.h; path = ../../../../Documents/_gllm/of_git/of_v20180202_osx_release/addons/ofxBasicSoundPlayer/libs/libaudiodecoder/include/apple/CAStreamBasicDescription.h; sourceTree = SOURCE_ROOT; };
		ED1CD98E4D92B841FE133938 /* OscReceivedElements.h */ = {isa = PBXFileReference; explicitFileType = sourcecode.c.h; fileEncoding = 4; name = OscReceivedElements.h; path = ../../../../Documents/_gllm/of_git/of_v20180202_osx_release/addons/ofxOsc/libs/oscpack/src/osc/OscReceivedElements.h; sourceTree = SOURCE_ROOT; };
		F3A46BE75978A2D15BBCD0A1 /* audiodecodercoreaudio.cpp */ = {isa = PBXFileReference; explicitFileType = sourcecode.cpp.cpp; fileEncoding = 4; name = audiodecodercoreaudio.cpp; path = ../../../../Documents/_gllm/of_git/of_v20180202_osx_release/addons/ofxBasicSoundPlayer/libs/libaudiodecoder/src/audiodecodercoreaudio.cpp; sourceTree = SOURCE_ROOT; };
		F6F93F8821E5F0B9D6DAF7A4 /* feedback.cpp */ = {isa = PBXFileReference; explicitFileType = sourcecode.cpp.cpp; fileEncoding = 4; name = feedback.cpp; path = src/feedback.cpp; sourceTree = SOURCE_ROOT; };
		F94FDA796121C8023A8A240B /* ofxToggle.h */ = {isa = PBXFileReference; explicitFileType = sourcecode.c.h; fileEncoding = 4; name = ofxToggle.h; path = ../../../../Documents/_gllm/of_git/of_v20180202_osx_release/addons/ofxGui/src/ofxToggle.h; sourceTree = SOURCE_ROOT; };
		FE2DB15B06E504675EE721B3 /* % */ = {isa = PBXFileReference; explicitFileType = file; fileEncoding = 4; name = "%"; path = "../../../../Documents/_gllm/of_git/of_v20180202_osx_release/addons/ofxBasicSoundPlayer/libs/libaudiodecoder/include/apple/%"; sourceTree = SOURCE_ROOT; };
		FE978B92415D2E848AB99588 /* ofxButton.h */ = {isa = PBXFileReference; explicitFileType = sourcecode.c.h; fileEncoding = 4; name = ofxButton.h; path = ../../../../Documents/_gllm/of_git/of_v20180202_osx_release/addons/ofxGui/src/ofxButton.h; sourceTree = SOURCE_ROOT; };
		FF27C14F36DC30F87F440D65 /* audiodecoder.h */ = {isa = PBXFileReference; explicitFileType = sourcecode.c.h; fileEncoding = 4; name = audiodecoder.h; path = ../../../../Documents/_gllm/of_git/of_v20180202_osx_release/addons/ofxBasicSoundPlayer/libs/libaudiodecoder/include/audiodecoder.h; sourceTree = SOURCE_ROOT; };
		FF293D977D1FE719A6B14B15 /* UdpSocket.h */ = {isa = PBXFileReference; explicitFileType = sourcecode.c.h; fileEncoding = 4; name = UdpSocket.h; path = ../../../../Documents/_gllm/of_git/of_v20180202_osx_release/addons/ofxOsc/libs/oscpack/src/ip/UdpSocket.h; sourceTree = SOURCE_ROOT; };
/* End PBXFileReference section */

/* Begin PBXFrameworksBuildPhase section */
		E4B69B590A3A1756003C02F2 /* Frameworks */ = {
			isa = PBXFrameworksBuildPhase;
			buildActionMask = 2147483647;
			files = (
				E4328149138ABC9F0047C5CB /* openFrameworksDebug.a in Frameworks */,
			);
			runOnlyForDeploymentPostprocessing = 0;
		};
/* End PBXFrameworksBuildPhase section */

/* Begin PBXGroup section */
		125168EE6DBE652F327A08F2 /* include */ = {
			isa = PBXGroup;
			children = (
				30111C490356BC17C8084286 /* apple */,
				FF27C14F36DC30F87F440D65 /* audiodecoder.h */,
				9BF868BF2A1DA536E341CA5B /* audiodecoderbase.h */,
				8C741E9A869A45C3FCF9D67B /* audiodecodercoreaudio.h */,
			);
			name = include;
			sourceTree = "<group>";
		};
		30111C490356BC17C8084286 /* apple */ = {
			isa = PBXGroup;
			children = (
				2B1FF66E9970B3C15BE411A2 /* CADebugMacros.h */,
				EB95708C6C7CA5F4AE3FC904 /* CAStreamBasicDescription.h */,
			);
			name = apple;
			sourceTree = "<group>";
		};
		30CB364908817057B430D528 /* osc */ = {
			isa = PBXGroup;
			children = (
				3653FB9200EFBF15B3A82B84 /* MessageMappingOscPacketListener.h */,
				C9641292AE4F681AE362757D /* OscException.h */,
				CD85C6D5C3B2CC93BF26C8D8 /* OscHostEndianness.h */,
				4C3A06265797030181AAFC68 /* OscOutboundPacketStream.cpp */,
				D93075FF7DFA26389DB7CC03 /* OscOutboundPacketStream.h */,
				C41724F5734901A36AC75366 /* OscPacketListener.h */,
				391FF522B4C2617F661E9AB4 /* OscPrintReceivedElements.cpp */,
				CF8272926F26ABBAE61D3DF6 /* OscPrintReceivedElements.h */,
				64A5B963B374101E9CBEA540 /* OscReceivedElements.cpp */,
				ED1CD98E4D92B841FE133938 /* OscReceivedElements.h */,
				498668BD4AF840CCF76C3A5B /* OscTypes.cpp */,
				3D88EE91E18A2BD893A039B9 /* OscTypes.h */,
			);
			name = osc;
			sourceTree = "<group>";
		};
		38871A5825686AE018EC2BF0 /* libs */ = {
			isa = PBXGroup;
			children = (
				86D2677079A3AF4A5A88E29A /* oscpack */,
			);
			name = libs;
			sourceTree = "<group>";
		};
		480A780D8D0308AE4A368801 /* ofxGui */ = {
			isa = PBXGroup;
			children = (
				A763ED608B35AE3310251DEE /* src */,
			);
			name = ofxGui;
			sourceTree = "<group>";
		};
		641362CA659FAFEE4E81001B /* posix */ = {
			isa = PBXGroup;
			children = (
				3AE668BDD68E9523B972F064 /* NetworkingUtils.cpp */,
				C970F507F97912677872BEE5 /* UdpSocket.cpp */,
			);
			name = posix;
			sourceTree = "<group>";
		};
		66656FC950895F14797AF991 /* ofxBasicSoundPlayer */ = {
			isa = PBXGroup;
			children = (
				DA8B4F95777CB51775D8C55F /* src */,
				C766AF4FA3357C518FD31DE5 /* libs */,
			);
			name = ofxBasicSoundPlayer;
			sourceTree = "<group>";
		};
		6948EE371B920CB800B5AC1A /* local_addons */ = {
			isa = PBXGroup;
			children = (
			);
			name = local_addons;
			sourceTree = "<group>";
		};
		6F67FF0E8835EC8E8F80F81F /* src */ = {
			isa = PBXGroup;
			children = (
				89152E19357AE4D38682E05A /* audiodecoderbase.cpp */,
				F3A46BE75978A2D15BBCD0A1 /* audiodecodercoreaudio.cpp */,
			);
			name = src;
			sourceTree = "<group>";
		};
		7F481D9B62E7FAA4AFFF86BF /* libaudiodecoder */ = {
			isa = PBXGroup;
			children = (
				125168EE6DBE652F327A08F2 /* include */,
				6F67FF0E8835EC8E8F80F81F /* src */,
			);
			name = libaudiodecoder;
			sourceTree = "<group>";
		};
		86D2677079A3AF4A5A88E29A /* oscpack */ = {
			isa = PBXGroup;
			children = (
				D27B2221A225CA523C019676 /* src */,
			);
			name = oscpack;
			sourceTree = "<group>";
		};
		A763ED608B35AE3310251DEE /* src */ = {
			isa = PBXGroup;
			children = (
				C191F00A5599D23E19AF5CCE /* ofxBaseGui.cpp */,
				D4EC8DDFD6CBBC10B8418B68 /* ofxBaseGui.h */,
				89015177B8BFBCB10055AC45 /* ofxButton.cpp */,
				FE978B92415D2E848AB99588 /* ofxButton.h */,
				005593CFB3DD45E6EFFC1820 /* ofxColorPicker.cpp */,
				2F72CA3E7F0CF1A211E577EF /* ofxColorPicker.h */,
				DBB9F5126ECCFE0FFC093351 /* ofxGui.h */,
				1282AC8351E28B3593B965F4 /* ofxGuiGroup.cpp */,
				33AB075A19A4D4CD667ED74A /* ofxGuiGroup.h */,
				6C8BBB776680DDA7A6DF57BD /* ofxInputField.cpp */,
				4E4A3D37C63C77456CBFF547 /* ofxInputField.h */,
				BC4E8363D51E2A65183C2B9B /* ofxLabel.cpp */,
				941967DEA0A05B62088FB3F3 /* ofxLabel.h */,
				A4CA2AFBA687928C5F2D24F4 /* ofxPanel.cpp */,
				23949D9EBFAF7705C7239A9B /* ofxPanel.h */,
				C0C1B4688951A71B1A385956 /* ofxSlider.cpp */,
				E5F0DCD9847B0B695619DD16 /* ofxSlider.h */,
				A6B571501C8EAE8BA5D37EDC /* ofxSliderGroup.cpp */,
				B75253519192A1709371B89E /* ofxSliderGroup.h */,
				C4949C7AB1178F1059874CD7 /* ofxToggle.cpp */,
				F94FDA796121C8023A8A240B /* ofxToggle.h */,
			);
			name = src;
			sourceTree = "<group>";
		};
		BB4B014C10F69532006C3DED /* addons */ = {
			isa = PBXGroup;
			children = (
				66656FC950895F14797AF991 /* ofxBasicSoundPlayer */,
				480A780D8D0308AE4A368801 /* ofxGui */,
				E6053AB7FEC63D5F83825B88 /* ofxOsc */,
			);
			name = addons;
			sourceTree = "<group>";
		};
		BD2F1A9F8D0C05EDB29122D0 /* src */ = {
			isa = PBXGroup;
			children = (
				EA5C67231BC6794FFBF75F7B /* ofxOsc.h */,
				D0251BADB3ACA854172B312B /* ofxOscArg.h */,
				171F213E8B2FE41A1FB2BED3 /* ofxOscBundle.cpp */,
				CE8245FAE88FA598FED8075F /* ofxOscBundle.h */,
				80DA25CFA9731CB5A5EB3F44 /* ofxOscMessage.cpp */,
				0A4D61A251EEC04363E991EA /* ofxOscMessage.h */,
				7A0D5AB530E319D1A7202D66 /* ofxOscParameterSync.cpp */,
				CC5E0BE8A22A2E697B2E6E3E /* ofxOscParameterSync.h */,
				D8679C7183B22E1479C24192 /* ofxOscReceiver.cpp */,
				4A3631C794A7EA8C0D7B2DEF /* ofxOscReceiver.h */,
				788945B9C609506B7CB71187 /* ofxOscSender.cpp */,
				AE30D5C4500B8A0EE9349B2D /* ofxOscSender.h */,
			);
			name = src;
			sourceTree = "<group>";
		};
		C766AF4FA3357C518FD31DE5 /* libs */ = {
			isa = PBXGroup;
			children = (
				7F481D9B62E7FAA4AFFF86BF /* libaudiodecoder */,
			);
			name = libs;
			sourceTree = "<group>";
		};
		D27B2221A225CA523C019676 /* src */ = {
			isa = PBXGroup;
			children = (
				FF8CDF57858E9B94E3237115 /* ip */,
				30CB364908817057B430D528 /* osc */,
			);
			name = src;
			sourceTree = "<group>";
		};
		DA8B4F95777CB51775D8C55F /* src */ = {
			isa = PBXGroup;
			children = (
				A1096A6D54215BDC3093E285 /* ofxBasicSoundPlayer.cpp */,
				B6B95D0C9DFB9435976E43E7 /* ofxBasicSoundPlayer.h */,
				2ED5317000B69CAA8230801F /* ofxSoundFile.cpp */,
				D9552C78B83ED39E2F70A30D /* ofxSoundFile.h */,
			);
			name = src;
			sourceTree = "<group>";
		};
		E4328144138ABC890047C5CB /* Products */ = {
			isa = PBXGroup;
			children = (
				E4328148138ABC890047C5CB /* openFrameworksDebug.a */,
			);
			name = Products;
			sourceTree = "<group>";
		};
		E4B69B4A0A3A1720003C02F2 = {
			isa = PBXGroup;
			children = (
				E4B6FCAD0C3E899E008CF71C /* openFrameworks-Info.plist */,
				E4EB6923138AFD0F00A09F29 /* Project.xcconfig */,
				E4B69E1C0A3A1BDC003C02F2 /* src */,
				E4EEC9E9138DF44700A80321 /* openFrameworks */,
				BB4B014C10F69532006C3DED /* addons */,
				6948EE371B920CB800B5AC1A /* local_addons */,
				E4B69B5B0A3A1756003C02F2 /* oscillographeDebug.app */,
			);
			sourceTree = "<group>";
		};
		E4B69E1C0A3A1BDC003C02F2 /* src */ = {
			isa = PBXGroup;
			children = (
				E4B69E1D0A3A1BDC003C02F2 /* main.cpp */,
				E4B69E1E0A3A1BDC003C02F2 /* ofApp.cpp */,
				E4B69E1F0A3A1BDC003C02F2 /* ofApp.h */,
				154E4C80A82194083019B3B9 /* audio_io.cpp */,
				50C73E850129129E93940C06 /* audio_io.hpp */,
				825804B7AF16A4475E10A2F7 /* audio_sampler.cpp */,
				EA336781DA4DA20A51D936BC /* audio_sampler.hpp */,
				9C2C91477CC464B4F9855ABA /* camera_ctl.cpp */,
				75E62CA01735BC94E63671C8 /* camera_ctl.hpp */,
				F6F93F8821E5F0B9D6DAF7A4 /* feedback.cpp */,
				668E0B8AC6BE51BB2B9A5800 /* feedback.hpp */,
				49777DA78499AB27D9C3DD25 /* graphe.cpp */,
				3770EEFFD44F35A955206FD9 /* graphe.hpp */,
				43D38D3D77A012A0772ABED7 /* interact.cpp */,
				350866BC40140F388030B215 /* interact.hpp */,
				988F2901EE6F79FD521FDA94 /* presets.cpp */,
				BAF075E2DA9182CEE9EF4559 /* presets.hpp */,
				4D59CDA6203350C800740F23 /* recall.cpp */,
				4D59CDA7203350C800740F23 /* recall.hpp */,
			);
			path = src;
			sourceTree = SOURCE_ROOT;
		};
		E4EEC9E9138DF44700A80321 /* openFrameworks */ = {
			isa = PBXGroup;
			children = (
				E4EB691F138AFCF100A09F29 /* CoreOF.xcconfig */,
				E4328143138ABC890047C5CB /* openFrameworksLib.xcodeproj */,
			);
			name = openFrameworks;
			sourceTree = "<group>";
		};
		E6053AB7FEC63D5F83825B88 /* ofxOsc */ = {
			isa = PBXGroup;
			children = (
				BD2F1A9F8D0C05EDB29122D0 /* src */,
				38871A5825686AE018EC2BF0 /* libs */,
			);
			name = ofxOsc;
			sourceTree = "<group>";
		};
		FF8CDF57858E9B94E3237115 /* ip */ = {
			isa = PBXGroup;
			children = (
				D45B79F4DA0B22ACAEC4EDA8 /* IpEndpointName.cpp */,
				87504E9CA6D579111369DD2A /* IpEndpointName.h */,
				D1813F7CB21AF8687692FE45 /* NetworkingUtils.h */,
				4DEE9B1B6CD9377692F220FF /* PacketListener.h */,
				641362CA659FAFEE4E81001B /* posix */,
				8737AB6FEF11F03D3F477958 /* TimerListener.h */,
				FF293D977D1FE719A6B14B15 /* UdpSocket.h */,
			);
			name = ip;
			sourceTree = "<group>";
		};
/* End PBXGroup section */

/* Begin PBXNativeTarget section */
		E4B69B5A0A3A1756003C02F2 /* oscillographe */ = {
			isa = PBXNativeTarget;
			buildConfigurationList = E4B69B5F0A3A1757003C02F2 /* Build configuration list for PBXNativeTarget "oscillographe" */;
			buildPhases = (
				E4B69B580A3A1756003C02F2 /* Sources */,
				E4B69B590A3A1756003C02F2 /* Frameworks */,
				E4B6FFFD0C3F9AB9008CF71C /* ShellScript */,
				E4C2427710CC5ABF004149E2 /* CopyFiles */,
				8466F1851C04CA0E00918B1C /* ShellScript */,
			);
			buildRules = (
			);
			dependencies = (
				E4EEB9AC138B136A00A80321 /* PBXTargetDependency */,
			);
			name = oscillographe;
			productName = myOFApp;
			productReference = E4B69B5B0A3A1756003C02F2 /* oscillographeDebug.app */;
			productType = "com.apple.product-type.application";
		};
/* End PBXNativeTarget section */

/* Begin PBXProject section */
		E4B69B4C0A3A1720003C02F2 /* Project object */ = {
			isa = PBXProject;
			attributes = {
				LastUpgradeCheck = 0600;
			};
			buildConfigurationList = E4B69B4D0A3A1720003C02F2 /* Build configuration list for PBXProject "oscillographe" */;
			compatibilityVersion = "Xcode 3.2";
			developmentRegion = English;
			hasScannedForEncodings = 0;
			knownRegions = (
				English,
				Japanese,
				French,
				German,
			);
			mainGroup = E4B69B4A0A3A1720003C02F2;
			productRefGroup = E4B69B4A0A3A1720003C02F2;
			projectDirPath = "";
			projectReferences = (
				{
					ProductGroup = E4328144138ABC890047C5CB /* Products */;
					ProjectRef = E4328143138ABC890047C5CB /* openFrameworksLib.xcodeproj */;
				},
			);
			projectRoot = "";
			targets = (
				E4B69B5A0A3A1756003C02F2 /* oscillographe */,
			);
		};
/* End PBXProject section */

/* Begin PBXReferenceProxy section */
		E4328148138ABC890047C5CB /* openFrameworksDebug.a */ = {
			isa = PBXReferenceProxy;
			fileType = archive.ar;
			path = openFrameworksDebug.a;
			remoteRef = E4328147138ABC890047C5CB /* PBXContainerItemProxy */;
			sourceTree = BUILT_PRODUCTS_DIR;
		};
/* End PBXReferenceProxy section */

/* Begin PBXShellScriptBuildPhase section */
		8466F1851C04CA0E00918B1C /* ShellScript */ = {
			isa = PBXShellScriptBuildPhase;
			buildActionMask = 12;
			files = (
			);
			inputPaths = (
			);
			outputPaths = (
			);
			runOnlyForDeploymentPostprocessing = 0;
			shellPath = /bin/sh;
			shellScript = "echo \"$GCC_PREPROCESSOR_DEFINITIONS\";\nAPPSTORE=`expr \"$GCC_PREPROCESSOR_DEFINITIONS\" : \".*APPSTORE=\\([0-9]*\\)\"`\nif [ -z \"$APPSTORE\" ] ; then\necho \"Note: Not copying bin/data to App Package or doing App Code signing. Use AppStore target for AppStore distribution\";\nelse\n# Copy bin/data into App/Resources\nrsync -avz --exclude='.DS_Store' \"${SRCROOT}/bin/data/\" \"${TARGET_BUILD_DIR}/${UNLOCALIZED_RESOURCES_FOLDER_PATH}/data/\"\n\n# ---- Code Sign App Package ----\n\n# WARNING: You may have to run Clean in Xcode after changing CODE_SIGN_IDENTITY!\n\n# Verify that $CODE_SIGN_IDENTITY is set\nif [ -z \"${CODE_SIGN_IDENTITY}\" ] ; then\necho \"CODE_SIGN_IDENTITY needs to be set for framework code-signing\"\nexit 0\nfi\n\nif [ -z \"${CODE_SIGN_ENTITLEMENTS}\" ] ; then\necho \"CODE_SIGN_ENTITLEMENTS needs to be set for framework code-signing!\"\n\nif [ \"${CONFIGURATION}\" = \"Release\" ] ; then\nexit 1\nelse\n# Code-signing is optional for non-release builds.\nexit 0\nfi\nfi\n\nITEMS=\"\"\n\nFRAMEWORKS_DIR=\"${TARGET_BUILD_DIR}/${FRAMEWORKS_FOLDER_PATH}\"\necho \"$FRAMEWORKS_DIR\"\nif [ -d \"$FRAMEWORKS_DIR\" ] ; then\nFRAMEWORKS=$(find \"${FRAMEWORKS_DIR}\" -depth -type d -name \"*.framework\" -or -name \"*.dylib\" -or -name \"*.bundle\" | sed -e \"s/\\(.*framework\\)/\\1\\/Versions\\/A\\//\")\nRESULT=$?\nif [[ $RESULT != 0 ]] ; then\nexit 1\nfi\n\nITEMS=\"${FRAMEWORKS}\"\nfi\n\nLOGINITEMS_DIR=\"${TARGET_BUILD_DIR}/${CONTENTS_FOLDER_PATH}/Library/LoginItems/\"\nif [ -d \"$LOGINITEMS_DIR\" ] ; then\nLOGINITEMS=$(find \"${LOGINITEMS_DIR}\" -depth -type d -name \"*.app\")\nRESULT=$?\nif [[ $RESULT != 0 ]] ; then\nexit 1\nfi\n\nITEMS=\"${ITEMS}\"$'\\n'\"${LOGINITEMS}\"\nfi\n\n# Prefer the expanded name, if available.\nCODE_SIGN_IDENTITY_FOR_ITEMS=\"${EXPANDED_CODE_SIGN_IDENTITY_NAME}\"\nif [ \"${CODE_SIGN_IDENTITY_FOR_ITEMS}\" = \"\" ] ; then\n# Fall back to old behavior.\nCODE_SIGN_IDENTITY_FOR_ITEMS=\"${CODE_SIGN_IDENTITY}\"\nfi\n\necho \"Identity:\"\necho \"${CODE_SIGN_IDENTITY_FOR_ITEMS}\"\n\necho \"Entitlements:\"\necho \"${CODE_SIGN_ENTITLEMENTS}\"\n\necho \"Found:\"\necho \"${ITEMS}\"\n\n# Change the Internal Field Separator (IFS) so that spaces in paths will not cause problems below.\nSAVED_IFS=$IFS\nIFS=$(echo -en \"\\n\\b\")\n\n# Loop through all items.\nfor ITEM in $ITEMS;\ndo\necho \"Signing '${ITEM}'\"\ncodesign --force --verbose --sign \"${CODE_SIGN_IDENTITY_FOR_ITEMS}\" --entitlements \"${CODE_SIGN_ENTITLEMENTS}\" \"${ITEM}\"\nRESULT=$?\nif [[ $RESULT != 0 ]] ; then\necho \"Failed to sign '${ITEM}'.\"\nIFS=$SAVED_IFS\nexit 1\nfi\ndone\n\n# Restore $IFS.\nIFS=$SAVED_IFS\n\nfi\n";
		};
		E4B6FFFD0C3F9AB9008CF71C /* ShellScript */ = {
			isa = PBXShellScriptBuildPhase;
			buildActionMask = 2147483647;
			files = (
			);
			inputPaths = (
			);
			outputPaths = (
			);
			runOnlyForDeploymentPostprocessing = 0;
			shellPath = /bin/sh;
			shellScript = "mkdir -p \"$TARGET_BUILD_DIR/$PRODUCT_NAME.app/Contents/Resources/\"\n# Copy default icon file into App/Resources\nrsync -aved \"$ICON_FILE\" \"$TARGET_BUILD_DIR/$PRODUCT_NAME.app/Contents/Resources/\"\n# Copy libfmod and change install directory for fmod to run\nrsync -aved \"$OF_PATH/libs/fmodex/lib/osx/libfmodex.dylib\" \"$TARGET_BUILD_DIR/$PRODUCT_NAME.app/Contents/Frameworks/\";\ninstall_name_tool -change @executable_path/libfmodex.dylib @executable_path/../Frameworks/libfmodex.dylib \"$TARGET_BUILD_DIR/$PRODUCT_NAME.app/Contents/MacOS/$PRODUCT_NAME\";\n\necho \"$GCC_PREPROCESSOR_DEFINITIONS\";\n";
		};
/* End PBXShellScriptBuildPhase section */

/* Begin PBXSourcesBuildPhase section */
		E4B69B580A3A1756003C02F2 /* Sources */ = {
			isa = PBXSourcesBuildPhase;
			buildActionMask = 2147483647;
			files = (
				E4B69E200A3A1BDC003C02F2 /* main.cpp in Sources */,
				E4B69E210A3A1BDC003C02F2 /* ofApp.cpp in Sources */,
				AB5CF855E7D0386EFD26C5B1 /* audio_io.cpp in Sources */,
				B2DB9B60C4E4570CBDC2C676 /* audio_sampler.cpp in Sources */,
				6048AFEC5307B2D7D07F1628 /* camera_ctl.cpp in Sources */,
				B0204C70B47C06384E3C5A7B /* feedback.cpp in Sources */,
				04C57E361AA4881C8B186711 /* graphe.cpp in Sources */,
				4D59CDA8203350C800740F23 /* recall.cpp in Sources */,
				0843FEC0CC59AF14241BA7E4 /* interact.cpp in Sources */,
				AE6AC5D865623D951730C6A0 /* presets.cpp in Sources */,
				2007BEDDFB21AE245C9E4852 /* ofxBasicSoundPlayer.cpp in Sources */,
				61004B935274C265D5750078 /* ofxSoundFile.cpp in Sources */,
				1661F4F6EAEB38E9457E90F9 /* audiodecoderbase.cpp in Sources */,
				4B8345B1E748B5C9E20E2993 /* audiodecodercoreaudio.cpp in Sources */,
				08DB07E7E3F43428E533D7DD /* % in Sources */,
				36A0E0709ADA4F6FC1CBC32D /* ofxBaseGui.cpp in Sources */,
				F4F0CB38543223D0AA97190F /* ofxButton.cpp in Sources */,
				A9D54DFF4E172FCBBBF53B37 /* ofxColorPicker.cpp in Sources */,
				4D5B6A56D0C4B614A756A0C0 /* ofxGuiGroup.cpp in Sources */,
				3D386D8EF4A054A852CA7F4A /* ofxInputField.cpp in Sources */,
				7FB198637580CBF3262529ED /* ofxLabel.cpp in Sources */,
				86259B44D5498FE1C1F73CAF /* ofxPanel.cpp in Sources */,
				C73E4766FE44487D959DF707 /* ofxSlider.cpp in Sources */,
				1BB32C6F80F6A29EA53413F7 /* ofxSliderGroup.cpp in Sources */,
				67824E3B15263A02C4AFE7B1 /* ofxToggle.cpp in Sources */,
				A1119F3325DF01E04330F424 /* ofxOscBundle.cpp in Sources */,
				4D2880D8A132A871162BFD72 /* ofxOscMessage.cpp in Sources */,
				140DF378292D9FFBDC23EC68 /* ofxOscParameterSync.cpp in Sources */,
				F499984A6523DA7DCCF9686E /* ofxOscReceiver.cpp in Sources */,
				F282484F3DCAB25B1BB59B19 /* ofxOscSender.cpp in Sources */,
				BC3E644444EF8CF10C0BEDA0 /* IpEndpointName.cpp in Sources */,
				C0F3BB4B95A35684ADEA1612 /* NetworkingUtils.cpp in Sources */,
				478E57F1AFCE36A78368956C /* UdpSocket.cpp in Sources */,
				05EDA0B05222DFF256172F0E /* OscOutboundPacketStream.cpp in Sources */,
				7A9EE89FA6A7CF163B0F8F93 /* OscPrintReceivedElements.cpp in Sources */,
				30607750502DFBF37F1323BF /* OscReceivedElements.cpp in Sources */,
				20811A421575DCD338262EA4 /* OscTypes.cpp in Sources */,
			);
			runOnlyForDeploymentPostprocessing = 0;
		};
/* End PBXSourcesBuildPhase section */

/* Begin PBXTargetDependency section */
		E4EEB9AC138B136A00A80321 /* PBXTargetDependency */ = {
			isa = PBXTargetDependency;
			name = openFrameworks;
			targetProxy = E4EEB9AB138B136A00A80321 /* PBXContainerItemProxy */;
		};
/* End PBXTargetDependency section */

/* Begin XCBuildConfiguration section */
		99FA3DBB1C7456C400CFA0EE /* AppStore */ = {
			isa = XCBuildConfiguration;
			baseConfigurationReference = E4EB6923138AFD0F00A09F29 /* Project.xcconfig */;
			buildSettings = {
				CONFIGURATION_BUILD_DIR = "$(SRCROOT)/bin/";
				COPY_PHASE_STRIP = YES;
				DEAD_CODE_STRIPPING = YES;
				GCC_AUTO_VECTORIZATION = YES;
				GCC_ENABLE_SSE3_EXTENSIONS = YES;
				GCC_ENABLE_SUPPLEMENTAL_SSE3_INSTRUCTIONS = YES;
				GCC_INLINES_ARE_PRIVATE_EXTERN = NO;
				GCC_OPTIMIZATION_LEVEL = 3;
				"GCC_PREPROCESSOR_DEFINITIONS[arch=*]" = "DISTRIBUTION=1";
				GCC_SYMBOLS_PRIVATE_EXTERN = NO;
				GCC_UNROLL_LOOPS = YES;
				GCC_WARN_ABOUT_DEPRECATED_FUNCTIONS = YES;
				GCC_WARN_ABOUT_INVALID_OFFSETOF_MACRO = NO;
				GCC_WARN_ALLOW_INCOMPLETE_PROTOCOL = NO;
				GCC_WARN_UNINITIALIZED_AUTOS = NO;
				GCC_WARN_UNUSED_VALUE = NO;
				GCC_WARN_UNUSED_VARIABLE = NO;
				HEADER_SEARCH_PATHS = (
					"$(OF_CORE_HEADERS)",
					src,
					../../../../Documents/_gllm/of_git/of_v20180202_osx_release/addons/ofxBasicSoundPlayer/libs,
					../../../../Documents/_gllm/of_git/of_v20180202_osx_release/addons/ofxBasicSoundPlayer/libs/libaudiodecoder,
					../../../../Documents/_gllm/of_git/of_v20180202_osx_release/addons/ofxBasicSoundPlayer/libs/libaudiodecoder/include,
					../../../../Documents/_gllm/of_git/of_v20180202_osx_release/addons/ofxBasicSoundPlayer/libs/libaudiodecoder/src,
					../../../../Documents/_gllm/of_git/of_v20180202_osx_release/addons/ofxBasicSoundPlayer/src,
					../../../../Documents/_gllm/of_git/of_v20180202_osx_release/addons/ofxGui/src,
					../../../../Documents/_gllm/of_git/of_v20180202_osx_release/addons/ofxOsc/libs,
					../../../../Documents/_gllm/of_git/of_v20180202_osx_release/addons/ofxOsc/libs/oscpack,
					../../../../Documents/_gllm/of_git/of_v20180202_osx_release/addons/ofxOsc/libs/oscpack/src,
					../../../../Documents/_gllm/of_git/of_v20180202_osx_release/addons/ofxOsc/libs/oscpack/src/ip,
					../../../../Documents/_gllm/of_git/of_v20180202_osx_release/addons/ofxOsc/libs/oscpack/src/ip/posix,
					../../../../Documents/_gllm/of_git/of_v20180202_osx_release/addons/ofxOsc/libs/oscpack/src/ip/win32,
					../../../../Documents/_gllm/of_git/of_v20180202_osx_release/addons/ofxOsc/libs/oscpack/src/osc,
					../../../../Documents/_gllm/of_git/of_v20180202_osx_release/addons/ofxOsc/src,
				);
				MACOSX_DEPLOYMENT_TARGET = 10.9;
				OTHER_CPLUSPLUSFLAGS = (
					"-D__MACOSX_CORE__",
					"-mtune=native",
				);
				SDKROOT = macosx;
			};
			name = AppStore;
		};
		99FA3DBC1C7456C400CFA0EE /* AppStore */ = {
			isa = XCBuildConfiguration;
			baseConfigurationReference = E4EB6923138AFD0F00A09F29 /* Project.xcconfig */;
			buildSettings = {
				COMBINE_HIDPI_IMAGES = YES;
				COPY_PHASE_STRIP = YES;
				FRAMEWORK_SEARCH_PATHS = "$(inherited)";
				GCC_GENERATE_DEBUGGING_SYMBOLS = YES;
				GCC_MODEL_TUNING = NONE;
				"GCC_PREPROCESSOR_DEFINITIONS[arch=*]" = "APPSTORE=1";
				HEADER_SEARCH_PATHS = (
					"$(OF_CORE_HEADERS)",
					src,
					../../../../Documents/_gllm/of_git/of_v20180202_osx_release/addons/ofxBasicSoundPlayer/libs,
					../../../../Documents/_gllm/of_git/of_v20180202_osx_release/addons/ofxBasicSoundPlayer/libs/libaudiodecoder,
					../../../../Documents/_gllm/of_git/of_v20180202_osx_release/addons/ofxBasicSoundPlayer/libs/libaudiodecoder/include,
					../../../../Documents/_gllm/of_git/of_v20180202_osx_release/addons/ofxBasicSoundPlayer/libs/libaudiodecoder/src,
					../../../../Documents/_gllm/of_git/of_v20180202_osx_release/addons/ofxBasicSoundPlayer/src,
					../../../../Documents/_gllm/of_git/of_v20180202_osx_release/addons/ofxGui/src,
					../../../../Documents/_gllm/of_git/of_v20180202_osx_release/addons/ofxOsc/libs,
					../../../../Documents/_gllm/of_git/of_v20180202_osx_release/addons/ofxOsc/libs/oscpack,
					../../../../Documents/_gllm/of_git/of_v20180202_osx_release/addons/ofxOsc/libs/oscpack/src,
					../../../../Documents/_gllm/of_git/of_v20180202_osx_release/addons/ofxOsc/libs/oscpack/src/ip,
					../../../../Documents/_gllm/of_git/of_v20180202_osx_release/addons/ofxOsc/libs/oscpack/src/ip/posix,
					../../../../Documents/_gllm/of_git/of_v20180202_osx_release/addons/ofxOsc/libs/oscpack/src/ip/win32,
					../../../../Documents/_gllm/of_git/of_v20180202_osx_release/addons/ofxOsc/libs/oscpack/src/osc,
					../../../../Documents/_gllm/of_git/of_v20180202_osx_release/addons/ofxOsc/src,
				);
				ICON = "$(ICON_NAME_RELEASE)";
				ICON_FILE = "$(ICON_FILE_PATH)$(ICON)";
				INFOPLIST_FILE = "openFrameworks-Info.plist";
				INSTALL_PATH = /Applications;
				LIBRARY_SEARCH_PATHS = "$(inherited)";
				PRODUCT_NAME = "$(TARGET_NAME)";
				WRAPPER_EXTENSION = app;
				baseConfigurationReference = E4EB6923138AFD0F00A09F29;
			};
			name = AppStore;
		};
		E4B69B4E0A3A1720003C02F2 /* Debug */ = {
			isa = XCBuildConfiguration;
			baseConfigurationReference = E4EB6923138AFD0F00A09F29 /* Project.xcconfig */;
			buildSettings = {
				CONFIGURATION_BUILD_DIR = "$(SRCROOT)/bin/";
				COPY_PHASE_STRIP = NO;
				DEAD_CODE_STRIPPING = YES;
				GCC_AUTO_VECTORIZATION = YES;
				GCC_ENABLE_SSE3_EXTENSIONS = YES;
				GCC_ENABLE_SUPPLEMENTAL_SSE3_INSTRUCTIONS = YES;
				GCC_INLINES_ARE_PRIVATE_EXTERN = NO;
				GCC_OPTIMIZATION_LEVEL = 0;
				GCC_SYMBOLS_PRIVATE_EXTERN = NO;
				GCC_WARN_ABOUT_DEPRECATED_FUNCTIONS = YES;
				GCC_WARN_ABOUT_INVALID_OFFSETOF_MACRO = NO;
				GCC_WARN_ALLOW_INCOMPLETE_PROTOCOL = NO;
				GCC_WARN_UNINITIALIZED_AUTOS = NO;
				GCC_WARN_UNUSED_VALUE = NO;
				GCC_WARN_UNUSED_VARIABLE = NO;
				HEADER_SEARCH_PATHS = (
					"$(OF_CORE_HEADERS)",
					src,
					../../../../Documents/_gllm/of_git/of_v20180202_osx_release/addons/ofxBasicSoundPlayer/libs,
					../../../../Documents/_gllm/of_git/of_v20180202_osx_release/addons/ofxBasicSoundPlayer/libs/libaudiodecoder,
					../../../../Documents/_gllm/of_git/of_v20180202_osx_release/addons/ofxBasicSoundPlayer/libs/libaudiodecoder/include,
					../../../../Documents/_gllm/of_git/of_v20180202_osx_release/addons/ofxBasicSoundPlayer/libs/libaudiodecoder/src,
					../../../../Documents/_gllm/of_git/of_v20180202_osx_release/addons/ofxBasicSoundPlayer/src,
					../../../../Documents/_gllm/of_git/of_v20180202_osx_release/addons/ofxGui/src,
					../../../../Documents/_gllm/of_git/of_v20180202_osx_release/addons/ofxOsc/libs,
					../../../../Documents/_gllm/of_git/of_v20180202_osx_release/addons/ofxOsc/libs/oscpack,
					../../../../Documents/_gllm/of_git/of_v20180202_osx_release/addons/ofxOsc/libs/oscpack/src,
					../../../../Documents/_gllm/of_git/of_v20180202_osx_release/addons/ofxOsc/libs/oscpack/src/ip,
					../../../../Documents/_gllm/of_git/of_v20180202_osx_release/addons/ofxOsc/libs/oscpack/src/ip/posix,
					../../../../Documents/_gllm/of_git/of_v20180202_osx_release/addons/ofxOsc/libs/oscpack/src/ip/win32,
					../../../../Documents/_gllm/of_git/of_v20180202_osx_release/addons/ofxOsc/libs/oscpack/src/osc,
					../../../../Documents/_gllm/of_git/of_v20180202_osx_release/addons/ofxOsc/src,
				);
				MACOSX_DEPLOYMENT_TARGET = 10.9;
				ONLY_ACTIVE_ARCH = YES;
				OTHER_CPLUSPLUSFLAGS = (
					"-D__MACOSX_CORE__",
					"-mtune=native",
				);
				SDKROOT = macosx;
			};
			name = Debug;
		};
		E4B69B4F0A3A1720003C02F2 /* Release */ = {
			isa = XCBuildConfiguration;
			baseConfigurationReference = E4EB6923138AFD0F00A09F29 /* Project.xcconfig */;
			buildSettings = {
				CONFIGURATION_BUILD_DIR = "$(SRCROOT)/bin/";
				COPY_PHASE_STRIP = YES;
				DEAD_CODE_STRIPPING = YES;
				GCC_AUTO_VECTORIZATION = YES;
				GCC_ENABLE_SSE3_EXTENSIONS = YES;
				GCC_ENABLE_SUPPLEMENTAL_SSE3_INSTRUCTIONS = YES;
				GCC_INLINES_ARE_PRIVATE_EXTERN = NO;
				GCC_OPTIMIZATION_LEVEL = 3;
				GCC_SYMBOLS_PRIVATE_EXTERN = NO;
				GCC_UNROLL_LOOPS = YES;
				GCC_WARN_ABOUT_DEPRECATED_FUNCTIONS = YES;
				GCC_WARN_ABOUT_INVALID_OFFSETOF_MACRO = NO;
				GCC_WARN_ALLOW_INCOMPLETE_PROTOCOL = NO;
				GCC_WARN_UNINITIALIZED_AUTOS = NO;
				GCC_WARN_UNUSED_VALUE = NO;
				GCC_WARN_UNUSED_VARIABLE = NO;
				HEADER_SEARCH_PATHS = (
					"$(OF_CORE_HEADERS)",
					src,
					../../../../Documents/_gllm/of_git/of_v20180202_osx_release/addons/ofxBasicSoundPlayer/libs,
					../../../../Documents/_gllm/of_git/of_v20180202_osx_release/addons/ofxBasicSoundPlayer/libs/libaudiodecoder,
					../../../../Documents/_gllm/of_git/of_v20180202_osx_release/addons/ofxBasicSoundPlayer/libs/libaudiodecoder/include,
					../../../../Documents/_gllm/of_git/of_v20180202_osx_release/addons/ofxBasicSoundPlayer/libs/libaudiodecoder/src,
					../../../../Documents/_gllm/of_git/of_v20180202_osx_release/addons/ofxBasicSoundPlayer/src,
					../../../../Documents/_gllm/of_git/of_v20180202_osx_release/addons/ofxGui/src,
					../../../../Documents/_gllm/of_git/of_v20180202_osx_release/addons/ofxOsc/libs,
					../../../../Documents/_gllm/of_git/of_v20180202_osx_release/addons/ofxOsc/libs/oscpack,
					../../../../Documents/_gllm/of_git/of_v20180202_osx_release/addons/ofxOsc/libs/oscpack/src,
					../../../../Documents/_gllm/of_git/of_v20180202_osx_release/addons/ofxOsc/libs/oscpack/src/ip,
					../../../../Documents/_gllm/of_git/of_v20180202_osx_release/addons/ofxOsc/libs/oscpack/src/ip/posix,
					../../../../Documents/_gllm/of_git/of_v20180202_osx_release/addons/ofxOsc/libs/oscpack/src/ip/win32,
					../../../../Documents/_gllm/of_git/of_v20180202_osx_release/addons/ofxOsc/libs/oscpack/src/osc,
					../../../../Documents/_gllm/of_git/of_v20180202_osx_release/addons/ofxOsc/src,
				);
				MACOSX_DEPLOYMENT_TARGET = 10.9;
				OTHER_CPLUSPLUSFLAGS = (
					"-D__MACOSX_CORE__",
					"-mtune=native",
				);
				SDKROOT = macosx;
			};
			name = Release;
		};
		E4B69B600A3A1757003C02F2 /* Debug */ = {
			isa = XCBuildConfiguration;
			baseConfigurationReference = E4EB6923138AFD0F00A09F29 /* Project.xcconfig */;
			buildSettings = {
				COMBINE_HIDPI_IMAGES = YES;
				COPY_PHASE_STRIP = NO;
				FRAMEWORK_SEARCH_PATHS = "$(inherited)";
				GCC_DYNAMIC_NO_PIC = NO;
				GCC_GENERATE_DEBUGGING_SYMBOLS = YES;
				GCC_MODEL_TUNING = NONE;
				HEADER_SEARCH_PATHS = (
					"$(OF_CORE_HEADERS)",
					src,
					../../../../Documents/_gllm/of_git/of_v20180202_osx_release/addons/ofxBasicSoundPlayer/libs,
					../../../../Documents/_gllm/of_git/of_v20180202_osx_release/addons/ofxBasicSoundPlayer/libs/libaudiodecoder,
					../../../../Documents/_gllm/of_git/of_v20180202_osx_release/addons/ofxBasicSoundPlayer/libs/libaudiodecoder/include,
					../../../../Documents/_gllm/of_git/of_v20180202_osx_release/addons/ofxBasicSoundPlayer/libs/libaudiodecoder/src,
					../../../../Documents/_gllm/of_git/of_v20180202_osx_release/addons/ofxBasicSoundPlayer/src,
					../../../../Documents/_gllm/of_git/of_v20180202_osx_release/addons/ofxGui/src,
					../../../../Documents/_gllm/of_git/of_v20180202_osx_release/addons/ofxOsc/libs,
					../../../../Documents/_gllm/of_git/of_v20180202_osx_release/addons/ofxOsc/libs/oscpack,
					../../../../Documents/_gllm/of_git/of_v20180202_osx_release/addons/ofxOsc/libs/oscpack/src,
					../../../../Documents/_gllm/of_git/of_v20180202_osx_release/addons/ofxOsc/libs/oscpack/src/ip,
					../../../../Documents/_gllm/of_git/of_v20180202_osx_release/addons/ofxOsc/libs/oscpack/src/ip/posix,
					../../../../Documents/_gllm/of_git/of_v20180202_osx_release/addons/ofxOsc/libs/oscpack/src/ip/win32,
					../../../../Documents/_gllm/of_git/of_v20180202_osx_release/addons/ofxOsc/libs/oscpack/src/osc,
					../../../../Documents/_gllm/of_git/of_v20180202_osx_release/addons/ofxOsc/src,
				);
				ICON = "$(ICON_NAME_DEBUG)";
				ICON_FILE = "$(ICON_FILE_PATH)$(ICON)";
				INFOPLIST_FILE = "openFrameworks-Info.plist";
				INSTALL_PATH = /Applications;
				LIBRARY_SEARCH_PATHS = "$(inherited)";
				PRODUCT_NAME = "$(TARGET_NAME)Debug";
				WRAPPER_EXTENSION = app;
			};
			name = Debug;
		};
		E4B69B610A3A1757003C02F2 /* Release */ = {
			isa = XCBuildConfiguration;
			baseConfigurationReference = E4EB6923138AFD0F00A09F29 /* Project.xcconfig */;
			buildSettings = {
				COMBINE_HIDPI_IMAGES = YES;
				COPY_PHASE_STRIP = YES;
				FRAMEWORK_SEARCH_PATHS = "$(inherited)";
				GCC_GENERATE_DEBUGGING_SYMBOLS = YES;
				GCC_MODEL_TUNING = NONE;
				HEADER_SEARCH_PATHS = (
					"$(OF_CORE_HEADERS)",
					src,
					../../../../Documents/_gllm/of_git/of_v20180202_osx_release/addons/ofxBasicSoundPlayer/libs,
					../../../../Documents/_gllm/of_git/of_v20180202_osx_release/addons/ofxBasicSoundPlayer/libs/libaudiodecoder,
					../../../../Documents/_gllm/of_git/of_v20180202_osx_release/addons/ofxBasicSoundPlayer/libs/libaudiodecoder/include,
					../../../../Documents/_gllm/of_git/of_v20180202_osx_release/addons/ofxBasicSoundPlayer/libs/libaudiodecoder/src,
					../../../../Documents/_gllm/of_git/of_v20180202_osx_release/addons/ofxBasicSoundPlayer/src,
					../../../../Documents/_gllm/of_git/of_v20180202_osx_release/addons/ofxGui/src,
					../../../../Documents/_gllm/of_git/of_v20180202_osx_release/addons/ofxOsc/libs,
					../../../../Documents/_gllm/of_git/of_v20180202_osx_release/addons/ofxOsc/libs/oscpack,
					../../../../Documents/_gllm/of_git/of_v20180202_osx_release/addons/ofxOsc/libs/oscpack/src,
					../../../../Documents/_gllm/of_git/of_v20180202_osx_release/addons/ofxOsc/libs/oscpack/src/ip,
					../../../../Documents/_gllm/of_git/of_v20180202_osx_release/addons/ofxOsc/libs/oscpack/src/ip/posix,
					../../../../Documents/_gllm/of_git/of_v20180202_osx_release/addons/ofxOsc/libs/oscpack/src/ip/win32,
					../../../../Documents/_gllm/of_git/of_v20180202_osx_release/addons/ofxOsc/libs/oscpack/src/osc,
					../../../../Documents/_gllm/of_git/of_v20180202_osx_release/addons/ofxOsc/src,
				);
				ICON = "$(ICON_NAME_RELEASE)";
				ICON_FILE = "$(ICON_FILE_PATH)$(ICON)";
				INFOPLIST_FILE = "openFrameworks-Info.plist";
				INSTALL_PATH = /Applications;
				LIBRARY_SEARCH_PATHS = "$(inherited)";
				PRODUCT_NAME = "$(TARGET_NAME)";
				WRAPPER_EXTENSION = app;
				baseConfigurationReference = E4EB6923138AFD0F00A09F29;
			};
			name = Release;
		};
/* End XCBuildConfiguration section */

/* Begin XCConfigurationList section */
		E4B69B4D0A3A1720003C02F2 /* Build configuration list for PBXProject "oscillographe" */ = {
			isa = XCConfigurationList;
			buildConfigurations = (
				E4B69B4E0A3A1720003C02F2 /* Debug */,
				E4B69B4F0A3A1720003C02F2 /* Release */,
				99FA3DBB1C7456C400CFA0EE /* AppStore */,
			);
			defaultConfigurationIsVisible = 0;
			defaultConfigurationName = Release;
		};
		E4B69B5F0A3A1757003C02F2 /* Build configuration list for PBXNativeTarget "oscillographe" */ = {
			isa = XCConfigurationList;
			buildConfigurations = (
				E4B69B600A3A1757003C02F2 /* Debug */,
				E4B69B610A3A1757003C02F2 /* Release */,
				99FA3DBC1C7456C400CFA0EE /* AppStore */,
			);
			defaultConfigurationIsVisible = 0;
			defaultConfigurationName = Release;
		};
/* End XCConfigurationList section */
	};
	rootObject = E4B69B4C0A3A1720003C02F2 /* Project object */;
}
